// !$*UTF8*$!
{
	archiveVersion = 1;
	classes = {
	};
	objectVersion = 50;
	objects = {

/* Begin PBXBuildFile section */
		3A3136CB248159B600E46292 /* SignInWithAppleButton.swift in Sources */ = {isa = PBXBuildFile; fileRef = 3A3136C6248159B500E46292 /* SignInWithAppleButton.swift */; };
		3A3136CC248159B600E46292 /* SignInWithAppleDelegates.swift in Sources */ = {isa = PBXBuildFile; fileRef = 3A3136C7248159B500E46292 /* SignInWithAppleDelegates.swift */; };
		3A3136CD248159B600E46292 /* SignInWithAppleManager.swift in Sources */ = {isa = PBXBuildFile; fileRef = 3A3136C8248159B500E46292 /* SignInWithAppleManager.swift */; };
		3A3136CE248159B600E46292 /* AuthState.swift in Sources */ = {isa = PBXBuildFile; fileRef = 3A3136C9248159B600E46292 /* AuthState.swift */; };
		3A3136CF248159B600E46292 /* EnvironmentWindowKey.swift in Sources */ = {isa = PBXBuildFile; fileRef = 3A3136CA248159B600E46292 /* EnvironmentWindowKey.swift */; };
		3A3136D1248168C800E46292 /* LaunchScreen.swift in Sources */ = {isa = PBXBuildFile; fileRef = 3A3136D0248168C800E46292 /* LaunchScreen.swift */; };
		3A3137252483178A00E46292 /* Dish.swift in Sources */ = {isa = PBXBuildFile; fileRef = 3A31371F2483178900E46292 /* Dish.swift */; };
		3A3137262483178A00E46292 /* Model.swift in Sources */ = {isa = PBXBuildFile; fileRef = 3A3137202483178900E46292 /* Model.swift */; };
		3A3137282483178A00E46292 /* Restaurant.swift in Sources */ = {isa = PBXBuildFile; fileRef = 3A3137222483178A00E46292 /* Restaurant.swift */; };
		3A3137292483178A00E46292 /* Review.swift in Sources */ = {isa = PBXBuildFile; fileRef = 3A3137232483178A00E46292 /* Review.swift */; };
		3A31372A2483178A00E46292 /* ARMUser.swift in Sources */ = {isa = PBXBuildFile; fileRef = 3A3137242483178A00E46292 /* ARMUser.swift */; };
		3A3137332483293300E46292 /* StartViewController.swift in Sources */ = {isa = PBXBuildFile; fileRef = 3A3137322483293300E46292 /* StartViewController.swift */; };
		3A987AD72480350C0021F6E4 /* AppDelegate.swift in Sources */ = {isa = PBXBuildFile; fileRef = 3A987AD62480350C0021F6E4 /* AppDelegate.swift */; };
		3A987AD92480350C0021F6E4 /* SceneDelegate.swift in Sources */ = {isa = PBXBuildFile; fileRef = 3A987AD82480350C0021F6E4 /* SceneDelegate.swift */; };
		3A987ADD2480350E0021F6E4 /* Assets.xcassets in Resources */ = {isa = PBXBuildFile; fileRef = 3A987ADC2480350E0021F6E4 /* Assets.xcassets */; };
		3A987AE02480350E0021F6E4 /* Preview Assets.xcassets in Resources */ = {isa = PBXBuildFile; fileRef = 3A987ADF2480350E0021F6E4 /* Preview Assets.xcassets */; };
		3A987AE32480350E0021F6E4 /* LaunchScreen.storyboard in Resources */ = {isa = PBXBuildFile; fileRef = 3A987AE12480350E0021F6E4 /* LaunchScreen.storyboard */; };
		3A987AEE2480350E0021F6E4 /* VirtualMenuTests.swift in Sources */ = {isa = PBXBuildFile; fileRef = 3A987AED2480350E0021F6E4 /* VirtualMenuTests.swift */; };
		3A987AF92480350E0021F6E4 /* VirtualMenuUITests.swift in Sources */ = {isa = PBXBuildFile; fileRef = 3A987AF82480350E0021F6E4 /* VirtualMenuUITests.swift */; };
		3A987B0B24807E2B0021F6E4 /* SignInView.swift in Sources */ = {isa = PBXBuildFile; fileRef = 3A987B0A24807E2B0021F6E4 /* SignInView.swift */; };
		3A987B102481511B0021F6E4 /* ContentView.swift in Sources */ = {isa = PBXBuildFile; fileRef = 3A987B0F2481511B0021F6E4 /* ContentView.swift */; };
/* End PBXBuildFile section */

/* Begin PBXContainerItemProxy section */
		3A987AEA2480350E0021F6E4 /* PBXContainerItemProxy */ = {
			isa = PBXContainerItemProxy;
			containerPortal = 3A987ACB2480350C0021F6E4 /* Project object */;
			proxyType = 1;
			remoteGlobalIDString = 3A987AD22480350C0021F6E4;
			remoteInfo = VirtualMenu;
		};
		3A987AF52480350E0021F6E4 /* PBXContainerItemProxy */ = {
			isa = PBXContainerItemProxy;
			containerPortal = 3A987ACB2480350C0021F6E4 /* Project object */;
			proxyType = 1;
			remoteGlobalIDString = 3A987AD22480350C0021F6E4;
			remoteInfo = VirtualMenu;
		};
/* End PBXContainerItemProxy section */

/* Begin PBXFileReference section */
		3A3136C6248159B500E46292 /* SignInWithAppleButton.swift */ = {isa = PBXFileReference; fileEncoding = 4; lastKnownFileType = sourcecode.swift; path = SignInWithAppleButton.swift; sourceTree = "<group>"; };
		3A3136C7248159B500E46292 /* SignInWithAppleDelegates.swift */ = {isa = PBXFileReference; fileEncoding = 4; lastKnownFileType = sourcecode.swift; path = SignInWithAppleDelegates.swift; sourceTree = "<group>"; };
		3A3136C8248159B500E46292 /* SignInWithAppleManager.swift */ = {isa = PBXFileReference; fileEncoding = 4; lastKnownFileType = sourcecode.swift; path = SignInWithAppleManager.swift; sourceTree = "<group>"; };
		3A3136C9248159B600E46292 /* AuthState.swift */ = {isa = PBXFileReference; fileEncoding = 4; lastKnownFileType = sourcecode.swift; path = AuthState.swift; sourceTree = "<group>"; };
		3A3136CA248159B600E46292 /* EnvironmentWindowKey.swift */ = {isa = PBXFileReference; fileEncoding = 4; lastKnownFileType = sourcecode.swift; path = EnvironmentWindowKey.swift; sourceTree = "<group>"; };
		3A3136D0248168C800E46292 /* LaunchScreen.swift */ = {isa = PBXFileReference; lastKnownFileType = sourcecode.swift; path = LaunchScreen.swift; sourceTree = "<group>"; };
		3A31371F2483178900E46292 /* Dish.swift */ = {isa = PBXFileReference; fileEncoding = 4; lastKnownFileType = sourcecode.swift; path = Dish.swift; sourceTree = "<group>"; };
		3A3137202483178900E46292 /* Model.swift */ = {isa = PBXFileReference; fileEncoding = 4; lastKnownFileType = sourcecode.swift; path = Model.swift; sourceTree = "<group>"; };
		3A3137222483178A00E46292 /* Restaurant.swift */ = {isa = PBXFileReference; fileEncoding = 4; lastKnownFileType = sourcecode.swift; path = Restaurant.swift; sourceTree = "<group>"; };
		3A3137232483178A00E46292 /* Review.swift */ = {isa = PBXFileReference; fileEncoding = 4; lastKnownFileType = sourcecode.swift; path = Review.swift; sourceTree = "<group>"; };
		3A3137242483178A00E46292 /* ARMUser.swift */ = {isa = PBXFileReference; fileEncoding = 4; lastKnownFileType = sourcecode.swift; path = ARMUser.swift; sourceTree = "<group>"; };
		3A3137322483293300E46292 /* StartViewController.swift */ = {isa = PBXFileReference; lastKnownFileType = sourcecode.swift; path = StartViewController.swift; sourceTree = "<group>"; };
		3A987AD32480350C0021F6E4 /* VirtualMenu.app */ = {isa = PBXFileReference; explicitFileType = wrapper.application; includeInIndex = 0; path = VirtualMenu.app; sourceTree = BUILT_PRODUCTS_DIR; };
		3A987AD62480350C0021F6E4 /* AppDelegate.swift */ = {isa = PBXFileReference; lastKnownFileType = sourcecode.swift; path = AppDelegate.swift; sourceTree = "<group>"; };
		3A987AD82480350C0021F6E4 /* SceneDelegate.swift */ = {isa = PBXFileReference; lastKnownFileType = sourcecode.swift; path = SceneDelegate.swift; sourceTree = "<group>"; };
		3A987ADC2480350E0021F6E4 /* Assets.xcassets */ = {isa = PBXFileReference; lastKnownFileType = folder.assetcatalog; path = Assets.xcassets; sourceTree = "<group>"; };
		3A987ADF2480350E0021F6E4 /* Preview Assets.xcassets */ = {isa = PBXFileReference; lastKnownFileType = folder.assetcatalog; path = "Preview Assets.xcassets"; sourceTree = "<group>"; };
		3A987AE22480350E0021F6E4 /* Base */ = {isa = PBXFileReference; lastKnownFileType = file.storyboard; name = Base; path = Base.lproj/LaunchScreen.storyboard; sourceTree = "<group>"; };
		3A987AE42480350E0021F6E4 /* Info.plist */ = {isa = PBXFileReference; lastKnownFileType = text.plist.xml; path = Info.plist; sourceTree = "<group>"; };
		3A987AE92480350E0021F6E4 /* VirtualMenuTests.xctest */ = {isa = PBXFileReference; explicitFileType = wrapper.cfbundle; includeInIndex = 0; path = VirtualMenuTests.xctest; sourceTree = BUILT_PRODUCTS_DIR; };
		3A987AED2480350E0021F6E4 /* VirtualMenuTests.swift */ = {isa = PBXFileReference; lastKnownFileType = sourcecode.swift; path = VirtualMenuTests.swift; sourceTree = "<group>"; };
		3A987AEF2480350E0021F6E4 /* Info.plist */ = {isa = PBXFileReference; lastKnownFileType = text.plist.xml; path = Info.plist; sourceTree = "<group>"; };
		3A987AF42480350E0021F6E4 /* VirtualMenuUITests.xctest */ = {isa = PBXFileReference; explicitFileType = wrapper.cfbundle; includeInIndex = 0; path = VirtualMenuUITests.xctest; sourceTree = BUILT_PRODUCTS_DIR; };
		3A987AF82480350E0021F6E4 /* VirtualMenuUITests.swift */ = {isa = PBXFileReference; lastKnownFileType = sourcecode.swift; path = VirtualMenuUITests.swift; sourceTree = "<group>"; };
		3A987AFA2480350E0021F6E4 /* Info.plist */ = {isa = PBXFileReference; lastKnownFileType = text.plist.xml; path = Info.plist; sourceTree = "<group>"; };
		3A987B0A24807E2B0021F6E4 /* SignInView.swift */ = {isa = PBXFileReference; lastKnownFileType = sourcecode.swift; path = SignInView.swift; sourceTree = "<group>"; };
		3A987B0E248086D30021F6E4 /* VirtualMenu.entitlements */ = {isa = PBXFileReference; lastKnownFileType = text.plist.entitlements; path = VirtualMenu.entitlements; sourceTree = "<group>"; };
		3A987B0F2481511B0021F6E4 /* ContentView.swift */ = {isa = PBXFileReference; fileEncoding = 4; lastKnownFileType = sourcecode.swift; path = ContentView.swift; sourceTree = "<group>"; };
/* End PBXFileReference section */

/* Begin PBXFrameworksBuildPhase section */
		3A987AD02480350C0021F6E4 /* Frameworks */ = {
			isa = PBXFrameworksBuildPhase;
			buildActionMask = 2147483647;
			files = (
			);
			runOnlyForDeploymentPostprocessing = 0;
		};
		3A987AE62480350E0021F6E4 /* Frameworks */ = {
			isa = PBXFrameworksBuildPhase;
			buildActionMask = 2147483647;
			files = (
			);
			runOnlyForDeploymentPostprocessing = 0;
		};
		3A987AF12480350E0021F6E4 /* Frameworks */ = {
			isa = PBXFrameworksBuildPhase;
			buildActionMask = 2147483647;
			files = (
			);
			runOnlyForDeploymentPostprocessing = 0;
		};
/* End PBXFrameworksBuildPhase section */

/* Begin PBXGroup section */
		3A3136C52481598700E46292 /* SignInWithAppleHelpers */ = {
			isa = PBXGroup;
			children = (
				3A3136C9248159B600E46292 /* AuthState.swift */,
				3A3136CA248159B600E46292 /* EnvironmentWindowKey.swift */,
				3A3136C6248159B500E46292 /* SignInWithAppleButton.swift */,
				3A3136C7248159B500E46292 /* SignInWithAppleDelegates.swift */,
				3A3136C8248159B500E46292 /* SignInWithAppleManager.swift */,
			);
			path = SignInWithAppleHelpers;
			sourceTree = "<group>";
		};
		3A31371C2483172700E46292 /* Scanner */ = {
			isa = PBXGroup;
			children = (
			);
			path = Scanner;
			sourceTree = "<group>";
		};
		3A31372B2483179800E46292 /* Model */ = {
			isa = PBXGroup;
			children = (
				3A3137242483178A00E46292 /* ARMUser.swift */,
				3A31371F2483178900E46292 /* Dish.swift */,
				3A3137202483178900E46292 /* Model.swift */,
				3A3137222483178A00E46292 /* Restaurant.swift */,
				3A3137232483178A00E46292 /* Review.swift */,
			);
			path = Model;
			sourceTree = "<group>";
		};
		3A987ACA2480350C0021F6E4 = {
			isa = PBXGroup;
			children = (
				3A987AD52480350C0021F6E4 /* VirtualMenu */,
				3A987AEC2480350E0021F6E4 /* VirtualMenuTests */,
				3A987AF72480350E0021F6E4 /* VirtualMenuUITests */,
				3A987AD42480350C0021F6E4 /* Products */,
			);
			sourceTree = "<group>";
		};
		3A987AD42480350C0021F6E4 /* Products */ = {
			isa = PBXGroup;
			children = (
				3A987AD32480350C0021F6E4 /* VirtualMenu.app */,
				3A987AE92480350E0021F6E4 /* VirtualMenuTests.xctest */,
				3A987AF42480350E0021F6E4 /* VirtualMenuUITests.xctest */,
			);
			name = Products;
			sourceTree = "<group>";
		};
		3A987AD52480350C0021F6E4 /* VirtualMenu */ = {
			isa = PBXGroup;
			children = (
				3A31372B2483179800E46292 /* Model */,
				3A31371C2483172700E46292 /* Scanner */,
				3A3136C52481598700E46292 /* SignInWithAppleHelpers */,
				3A987B0E248086D30021F6E4 /* VirtualMenu.entitlements */,
				3A3137322483293300E46292 /* StartViewController.swift */,
				3A987AD62480350C0021F6E4 /* AppDelegate.swift */,
				3A987AD82480350C0021F6E4 /* SceneDelegate.swift */,
				3A987B0F2481511B0021F6E4 /* ContentView.swift */,
				3A987B0A24807E2B0021F6E4 /* SignInView.swift */,
				3A3136D0248168C800E46292 /* LaunchScreen.swift */,
				3A987ADC2480350E0021F6E4 /* Assets.xcassets */,
				3A987AE12480350E0021F6E4 /* LaunchScreen.storyboard */,
				3A987AE42480350E0021F6E4 /* Info.plist */,
				3A987ADE2480350E0021F6E4 /* Preview Content */,
			);
			path = VirtualMenu;
			sourceTree = "<group>";
		};
		3A987ADE2480350E0021F6E4 /* Preview Content */ = {
			isa = PBXGroup;
			children = (
				3A987ADF2480350E0021F6E4 /* Preview Assets.xcassets */,
			);
			path = "Preview Content";
			sourceTree = "<group>";
		};
		3A987AEC2480350E0021F6E4 /* VirtualMenuTests */ = {
			isa = PBXGroup;
			children = (
				3A987AED2480350E0021F6E4 /* VirtualMenuTests.swift */,
				3A987AEF2480350E0021F6E4 /* Info.plist */,
			);
			path = VirtualMenuTests;
			sourceTree = "<group>";
		};
		3A987AF72480350E0021F6E4 /* VirtualMenuUITests */ = {
			isa = PBXGroup;
			children = (
				3A987AF82480350E0021F6E4 /* VirtualMenuUITests.swift */,
				3A987AFA2480350E0021F6E4 /* Info.plist */,
			);
			path = VirtualMenuUITests;
			sourceTree = "<group>";
		};
/* End PBXGroup section */

/* Begin PBXNativeTarget section */
		3A987AD22480350C0021F6E4 /* VirtualMenu */ = {
			isa = PBXNativeTarget;
			buildConfigurationList = 3A987AFD2480350E0021F6E4 /* Build configuration list for PBXNativeTarget "VirtualMenu" */;
			buildPhases = (
				3A987ACF2480350C0021F6E4 /* Sources */,
				3A987AD02480350C0021F6E4 /* Frameworks */,
				3A987AD12480350C0021F6E4 /* Resources */,
			);
			buildRules = (
			);
			dependencies = (
			);
			name = VirtualMenu;
			productName = VirtualMenu;
			productReference = 3A987AD32480350C0021F6E4 /* VirtualMenu.app */;
			productType = "com.apple.product-type.application";
		};
		3A987AE82480350E0021F6E4 /* VirtualMenuTests */ = {
			isa = PBXNativeTarget;
			buildConfigurationList = 3A987B002480350E0021F6E4 /* Build configuration list for PBXNativeTarget "VirtualMenuTests" */;
			buildPhases = (
				3A987AE52480350E0021F6E4 /* Sources */,
				3A987AE62480350E0021F6E4 /* Frameworks */,
				3A987AE72480350E0021F6E4 /* Resources */,
			);
			buildRules = (
			);
			dependencies = (
				3A987AEB2480350E0021F6E4 /* PBXTargetDependency */,
			);
			name = VirtualMenuTests;
			productName = VirtualMenuTests;
			productReference = 3A987AE92480350E0021F6E4 /* VirtualMenuTests.xctest */;
			productType = "com.apple.product-type.bundle.unit-test";
		};
		3A987AF32480350E0021F6E4 /* VirtualMenuUITests */ = {
			isa = PBXNativeTarget;
			buildConfigurationList = 3A987B032480350E0021F6E4 /* Build configuration list for PBXNativeTarget "VirtualMenuUITests" */;
			buildPhases = (
				3A987AF02480350E0021F6E4 /* Sources */,
				3A987AF12480350E0021F6E4 /* Frameworks */,
				3A987AF22480350E0021F6E4 /* Resources */,
			);
			buildRules = (
			);
			dependencies = (
				3A987AF62480350E0021F6E4 /* PBXTargetDependency */,
			);
			name = VirtualMenuUITests;
			productName = VirtualMenuUITests;
			productReference = 3A987AF42480350E0021F6E4 /* VirtualMenuUITests.xctest */;
			productType = "com.apple.product-type.bundle.ui-testing";
		};
/* End PBXNativeTarget section */

/* Begin PBXProject section */
		3A987ACB2480350C0021F6E4 /* Project object */ = {
			isa = PBXProject;
			attributes = {
				LastSwiftUpdateCheck = 1130;
				LastUpgradeCheck = 1130;
				ORGANIZATIONNAME = "Rohan Tyagi";
				TargetAttributes = {
					3A987AD22480350C0021F6E4 = {
						CreatedOnToolsVersion = 11.3.1;
					};
					3A987AE82480350E0021F6E4 = {
						CreatedOnToolsVersion = 11.3.1;
						TestTargetID = 3A987AD22480350C0021F6E4;
					};
					3A987AF32480350E0021F6E4 = {
						CreatedOnToolsVersion = 11.3.1;
						TestTargetID = 3A987AD22480350C0021F6E4;
					};
				};
			};
			buildConfigurationList = 3A987ACE2480350C0021F6E4 /* Build configuration list for PBXProject "VirtualMenu" */;
			compatibilityVersion = "Xcode 9.3";
			developmentRegion = en;
			hasScannedForEncodings = 0;
			knownRegions = (
				en,
				Base,
			);
			mainGroup = 3A987ACA2480350C0021F6E4;
			productRefGroup = 3A987AD42480350C0021F6E4 /* Products */;
			projectDirPath = "";
			projectRoot = "";
			targets = (
				3A987AD22480350C0021F6E4 /* VirtualMenu */,
				3A987AE82480350E0021F6E4 /* VirtualMenuTests */,
				3A987AF32480350E0021F6E4 /* VirtualMenuUITests */,
			);
		};
/* End PBXProject section */

/* Begin PBXResourcesBuildPhase section */
		3A987AD12480350C0021F6E4 /* Resources */ = {
			isa = PBXResourcesBuildPhase;
			buildActionMask = 2147483647;
			files = (
				3A987AE32480350E0021F6E4 /* LaunchScreen.storyboard in Resources */,
				3A987AE02480350E0021F6E4 /* Preview Assets.xcassets in Resources */,
				3A987ADD2480350E0021F6E4 /* Assets.xcassets in Resources */,
			);
			runOnlyForDeploymentPostprocessing = 0;
		};
		3A987AE72480350E0021F6E4 /* Resources */ = {
			isa = PBXResourcesBuildPhase;
			buildActionMask = 2147483647;
			files = (
			);
			runOnlyForDeploymentPostprocessing = 0;
		};
		3A987AF22480350E0021F6E4 /* Resources */ = {
			isa = PBXResourcesBuildPhase;
			buildActionMask = 2147483647;
			files = (
			);
			runOnlyForDeploymentPostprocessing = 0;
		};
/* End PBXResourcesBuildPhase section */

/* Begin PBXSourcesBuildPhase section */
		3A987ACF2480350C0021F6E4 /* Sources */ = {
			isa = PBXSourcesBuildPhase;
			buildActionMask = 2147483647;
			files = (
				3A3136CB248159B600E46292 /* SignInWithAppleButton.swift in Sources */,
				3A3137332483293300E46292 /* StartViewController.swift in Sources */,
				3A987B102481511B0021F6E4 /* ContentView.swift in Sources */,
				3A3136D1248168C800E46292 /* LaunchScreen.swift in Sources */,
				3A987AD72480350C0021F6E4 /* AppDelegate.swift in Sources */,
				3A3136CD248159B600E46292 /* SignInWithAppleManager.swift in Sources */,
				3A3137292483178A00E46292 /* Review.swift in Sources */,
				3A987AD92480350C0021F6E4 /* SceneDelegate.swift in Sources */,
				3A31372A2483178A00E46292 /* ARMUser.swift in Sources */,
				3A3137262483178A00E46292 /* Model.swift in Sources */,
				3A3136CE248159B600E46292 /* AuthState.swift in Sources */,
				3A987B0B24807E2B0021F6E4 /* SignInView.swift in Sources */,
				3A3137282483178A00E46292 /* Restaurant.swift in Sources */,
				3A3137252483178A00E46292 /* Dish.swift in Sources */,
				3A3136CC248159B600E46292 /* SignInWithAppleDelegates.swift in Sources */,
				3A3136CF248159B600E46292 /* EnvironmentWindowKey.swift in Sources */,
			);
			runOnlyForDeploymentPostprocessing = 0;
		};
		3A987AE52480350E0021F6E4 /* Sources */ = {
			isa = PBXSourcesBuildPhase;
			buildActionMask = 2147483647;
			files = (
				3A987AEE2480350E0021F6E4 /* VirtualMenuTests.swift in Sources */,
			);
			runOnlyForDeploymentPostprocessing = 0;
		};
		3A987AF02480350E0021F6E4 /* Sources */ = {
			isa = PBXSourcesBuildPhase;
			buildActionMask = 2147483647;
			files = (
				3A987AF92480350E0021F6E4 /* VirtualMenuUITests.swift in Sources */,
			);
			runOnlyForDeploymentPostprocessing = 0;
		};
/* End PBXSourcesBuildPhase section */

/* Begin PBXTargetDependency section */
		3A987AEB2480350E0021F6E4 /* PBXTargetDependency */ = {
			isa = PBXTargetDependency;
			target = 3A987AD22480350C0021F6E4 /* VirtualMenu */;
			targetProxy = 3A987AEA2480350E0021F6E4 /* PBXContainerItemProxy */;
		};
		3A987AF62480350E0021F6E4 /* PBXTargetDependency */ = {
			isa = PBXTargetDependency;
			target = 3A987AD22480350C0021F6E4 /* VirtualMenu */;
			targetProxy = 3A987AF52480350E0021F6E4 /* PBXContainerItemProxy */;
		};
/* End PBXTargetDependency section */

/* Begin PBXVariantGroup section */
		3A987AE12480350E0021F6E4 /* LaunchScreen.storyboard */ = {
			isa = PBXVariantGroup;
			children = (
				3A987AE22480350E0021F6E4 /* Base */,
			);
			name = LaunchScreen.storyboard;
			sourceTree = "<group>";
		};
/* End PBXVariantGroup section */

/* Begin XCBuildConfiguration section */
		3A987AFB2480350E0021F6E4 /* Debug */ = {
			isa = XCBuildConfiguration;
			buildSettings = {
				ALWAYS_SEARCH_USER_PATHS = NO;
				CLANG_ANALYZER_NONNULL = YES;
				CLANG_ANALYZER_NUMBER_OBJECT_CONVERSION = YES_AGGRESSIVE;
				CLANG_CXX_LANGUAGE_STANDARD = "gnu++14";
				CLANG_CXX_LIBRARY = "libc++";
				CLANG_ENABLE_MODULES = YES;
				CLANG_ENABLE_OBJC_ARC = YES;
				CLANG_ENABLE_OBJC_WEAK = YES;
				CLANG_WARN_BLOCK_CAPTURE_AUTORELEASING = YES;
				CLANG_WARN_BOOL_CONVERSION = YES;
				CLANG_WARN_COMMA = YES;
				CLANG_WARN_CONSTANT_CONVERSION = YES;
				CLANG_WARN_DEPRECATED_OBJC_IMPLEMENTATIONS = YES;
				CLANG_WARN_DIRECT_OBJC_ISA_USAGE = YES_ERROR;
				CLANG_WARN_DOCUMENTATION_COMMENTS = YES;
				CLANG_WARN_EMPTY_BODY = YES;
				CLANG_WARN_ENUM_CONVERSION = YES;
				CLANG_WARN_INFINITE_RECURSION = YES;
				CLANG_WARN_INT_CONVERSION = YES;
				CLANG_WARN_NON_LITERAL_NULL_CONVERSION = YES;
				CLANG_WARN_OBJC_IMPLICIT_RETAIN_SELF = YES;
				CLANG_WARN_OBJC_LITERAL_CONVERSION = YES;
				CLANG_WARN_OBJC_ROOT_CLASS = YES_ERROR;
				CLANG_WARN_RANGE_LOOP_ANALYSIS = YES;
				CLANG_WARN_STRICT_PROTOTYPES = YES;
				CLANG_WARN_SUSPICIOUS_MOVE = YES;
				CLANG_WARN_UNGUARDED_AVAILABILITY = YES_AGGRESSIVE;
				CLANG_WARN_UNREACHABLE_CODE = YES;
				CLANG_WARN__DUPLICATE_METHOD_MATCH = YES;
				COPY_PHASE_STRIP = NO;
				DEBUG_INFORMATION_FORMAT = dwarf;
				ENABLE_STRICT_OBJC_MSGSEND = YES;
				ENABLE_TESTABILITY = YES;
				GCC_C_LANGUAGE_STANDARD = gnu11;
				GCC_DYNAMIC_NO_PIC = NO;
				GCC_NO_COMMON_BLOCKS = YES;
				GCC_OPTIMIZATION_LEVEL = 0;
				GCC_PREPROCESSOR_DEFINITIONS = (
					"DEBUG=1",
					"$(inherited)",
				);
				GCC_WARN_64_TO_32_BIT_CONVERSION = YES;
				GCC_WARN_ABOUT_RETURN_TYPE = YES_ERROR;
				GCC_WARN_UNDECLARED_SELECTOR = YES;
				GCC_WARN_UNINITIALIZED_AUTOS = YES_AGGRESSIVE;
				GCC_WARN_UNUSED_FUNCTION = YES;
				GCC_WARN_UNUSED_VARIABLE = YES;
				IPHONEOS_DEPLOYMENT_TARGET = 13.2;
				MTL_ENABLE_DEBUG_INFO = INCLUDE_SOURCE;
				MTL_FAST_MATH = YES;
				ONLY_ACTIVE_ARCH = YES;
				SDKROOT = iphoneos;
				SWIFT_ACTIVE_COMPILATION_CONDITIONS = DEBUG;
				SWIFT_OPTIMIZATION_LEVEL = "-Onone";
			};
			name = Debug;
		};
		3A987AFC2480350E0021F6E4 /* Release */ = {
			isa = XCBuildConfiguration;
			buildSettings = {
				ALWAYS_SEARCH_USER_PATHS = NO;
				CLANG_ANALYZER_NONNULL = YES;
				CLANG_ANALYZER_NUMBER_OBJECT_CONVERSION = YES_AGGRESSIVE;
				CLANG_CXX_LANGUAGE_STANDARD = "gnu++14";
				CLANG_CXX_LIBRARY = "libc++";
				CLANG_ENABLE_MODULES = YES;
				CLANG_ENABLE_OBJC_ARC = YES;
				CLANG_ENABLE_OBJC_WEAK = YES;
				CLANG_WARN_BLOCK_CAPTURE_AUTORELEASING = YES;
				CLANG_WARN_BOOL_CONVERSION = YES;
				CLANG_WARN_COMMA = YES;
				CLANG_WARN_CONSTANT_CONVERSION = YES;
				CLANG_WARN_DEPRECATED_OBJC_IMPLEMENTATIONS = YES;
				CLANG_WARN_DIRECT_OBJC_ISA_USAGE = YES_ERROR;
				CLANG_WARN_DOCUMENTATION_COMMENTS = YES;
				CLANG_WARN_EMPTY_BODY = YES;
				CLANG_WARN_ENUM_CONVERSION = YES;
				CLANG_WARN_INFINITE_RECURSION = YES;
				CLANG_WARN_INT_CONVERSION = YES;
				CLANG_WARN_NON_LITERAL_NULL_CONVERSION = YES;
				CLANG_WARN_OBJC_IMPLICIT_RETAIN_SELF = YES;
				CLANG_WARN_OBJC_LITERAL_CONVERSION = YES;
				CLANG_WARN_OBJC_ROOT_CLASS = YES_ERROR;
				CLANG_WARN_RANGE_LOOP_ANALYSIS = YES;
				CLANG_WARN_STRICT_PROTOTYPES = YES;
				CLANG_WARN_SUSPICIOUS_MOVE = YES;
				CLANG_WARN_UNGUARDED_AVAILABILITY = YES_AGGRESSIVE;
				CLANG_WARN_UNREACHABLE_CODE = YES;
				CLANG_WARN__DUPLICATE_METHOD_MATCH = YES;
				COPY_PHASE_STRIP = NO;
				DEBUG_INFORMATION_FORMAT = "dwarf-with-dsym";
				ENABLE_NS_ASSERTIONS = NO;
				ENABLE_STRICT_OBJC_MSGSEND = YES;
				GCC_C_LANGUAGE_STANDARD = gnu11;
				GCC_NO_COMMON_BLOCKS = YES;
				GCC_WARN_64_TO_32_BIT_CONVERSION = YES;
				GCC_WARN_ABOUT_RETURN_TYPE = YES_ERROR;
				GCC_WARN_UNDECLARED_SELECTOR = YES;
				GCC_WARN_UNINITIALIZED_AUTOS = YES_AGGRESSIVE;
				GCC_WARN_UNUSED_FUNCTION = YES;
				GCC_WARN_UNUSED_VARIABLE = YES;
				IPHONEOS_DEPLOYMENT_TARGET = 13.2;
				MTL_ENABLE_DEBUG_INFO = NO;
				MTL_FAST_MATH = YES;
				SDKROOT = iphoneos;
				SWIFT_COMPILATION_MODE = wholemodule;
				SWIFT_OPTIMIZATION_LEVEL = "-O";
				VALIDATE_PRODUCT = YES;
			};
			name = Release;
		};
		3A987AFE2480350E0021F6E4 /* Debug */ = {
			isa = XCBuildConfiguration;
			buildSettings = {
				ASSETCATALOG_COMPILER_APPICON_NAME = AppIcon;
				CODE_SIGN_ENTITLEMENTS = VirtualMenu/VirtualMenu.entitlements;
				CODE_SIGN_STYLE = Automatic;
				DEVELOPMENT_ASSET_PATHS = "\"VirtualMenu/Preview Content\"";
				DEVELOPMENT_TEAM = 3VUUCS34BU;
				ENABLE_PREVIEWS = YES;
				INFOPLIST_FILE = VirtualMenu/Info.plist;
				LD_RUNPATH_SEARCH_PATHS = (
					"$(inherited)",
					"@executable_path/Frameworks",
				);
				PRODUCT_BUNDLE_IDENTIFIER = iOSAppDev.TheVirtualMenu;
				PRODUCT_NAME = "$(TARGET_NAME)";
				SWIFT_VERSION = 5.0;
				TARGETED_DEVICE_FAMILY = "1,2";
			};
			name = Debug;
		};
		3A987AFF2480350E0021F6E4 /* Release */ = {
			isa = XCBuildConfiguration;
			buildSettings = {
				ASSETCATALOG_COMPILER_APPICON_NAME = AppIcon;
				CODE_SIGN_ENTITLEMENTS = VirtualMenu/VirtualMenu.entitlements;
				CODE_SIGN_STYLE = Automatic;
				DEVELOPMENT_ASSET_PATHS = "\"VirtualMenu/Preview Content\"";
				DEVELOPMENT_TEAM = 3VUUCS34BU;
				ENABLE_PREVIEWS = YES;
				INFOPLIST_FILE = VirtualMenu/Info.plist;
				LD_RUNPATH_SEARCH_PATHS = (
					"$(inherited)",
					"@executable_path/Frameworks",
				);
				PRODUCT_BUNDLE_IDENTIFIER = iOSAppDev.TheVirtualMenu;
				PRODUCT_NAME = "$(TARGET_NAME)";
				SWIFT_VERSION = 5.0;
				TARGETED_DEVICE_FAMILY = "1,2";
			};
			name = Release;
		};
		3A987B012480350E0021F6E4 /* Debug */ = {
			isa = XCBuildConfiguration;
			buildSettings = {
				ALWAYS_EMBED_SWIFT_STANDARD_LIBRARIES = YES;
				BUNDLE_LOADER = "$(TEST_HOST)";
				CODE_SIGN_STYLE = Automatic;
				DEVELOPMENT_TEAM = 7XP2RUZ6VP;
				INFOPLIST_FILE = VirtualMenuTests/Info.plist;
				IPHONEOS_DEPLOYMENT_TARGET = 13.2;
				LD_RUNPATH_SEARCH_PATHS = (
					"$(inherited)",
					"@executable_path/Frameworks",
					"@loader_path/Frameworks",
				);
				PRODUCT_BUNDLE_IDENTIFIER = iOSAppDev.VirtualMenuTests;
				PRODUCT_NAME = "$(TARGET_NAME)";
				SWIFT_VERSION = 5.0;
				TARGETED_DEVICE_FAMILY = "1,2";
				TEST_HOST = "$(BUILT_PRODUCTS_DIR)/VirtualMenu.app/VirtualMenu";
			};
			name = Debug;
		};
		3A987B022480350E0021F6E4 /* Release */ = {
			isa = XCBuildConfiguration;
			buildSettings = {
				ALWAYS_EMBED_SWIFT_STANDARD_LIBRARIES = YES;
				BUNDLE_LOADER = "$(TEST_HOST)";
				CODE_SIGN_STYLE = Automatic;
				DEVELOPMENT_TEAM = 7XP2RUZ6VP;
				INFOPLIST_FILE = VirtualMenuTests/Info.plist;
				IPHONEOS_DEPLOYMENT_TARGET = 13.2;
				LD_RUNPATH_SEARCH_PATHS = (
					"$(inherited)",
					"@executable_path/Frameworks",
					"@loader_path/Frameworks",
				);
				PRODUCT_BUNDLE_IDENTIFIER = iOSAppDev.VirtualMenuTests;
				PRODUCT_NAME = "$(TARGET_NAME)";
				SWIFT_VERSION = 5.0;
				TARGETED_DEVICE_FAMILY = "1,2";
				TEST_HOST = "$(BUILT_PRODUCTS_DIR)/VirtualMenu.app/VirtualMenu";
			};
			name = Release;
		};
		3A987B042480350E0021F6E4 /* Debug */ = {
			isa = XCBuildConfiguration;
			buildSettings = {
				ALWAYS_EMBED_SWIFT_STANDARD_LIBRARIES = YES;
				CODE_SIGN_STYLE = Automatic;
				DEVELOPMENT_TEAM = 7XP2RUZ6VP;
				INFOPLIST_FILE = VirtualMenuUITests/Info.plist;
				LD_RUNPATH_SEARCH_PATHS = (
					"$(inherited)",
					"@executable_path/Frameworks",
					"@loader_path/Frameworks",
				);
				PRODUCT_BUNDLE_IDENTIFIER = iOSAppDev.VirtualMenuUITests;
				PRODUCT_NAME = "$(TARGET_NAME)";
				SWIFT_VERSION = 5.0;
				TARGETED_DEVICE_FAMILY = "1,2";
				TEST_TARGET_NAME = VirtualMenu;
			};
			name = Debug;
		};
		3A987B052480350E0021F6E4 /* Release */ = {
			isa = XCBuildConfiguration;
			buildSettings = {
				ALWAYS_EMBED_SWIFT_STANDARD_LIBRARIES = YES;
				CODE_SIGN_STYLE = Automatic;
				DEVELOPMENT_TEAM = 7XP2RUZ6VP;
				INFOPLIST_FILE = VirtualMenuUITests/Info.plist;
				LD_RUNPATH_SEARCH_PATHS = (
					"$(inherited)",
					"@executable_path/Frameworks",
					"@loader_path/Frameworks",
				);
				PRODUCT_BUNDLE_IDENTIFIER = iOSAppDev.VirtualMenuUITests;
				PRODUCT_NAME = "$(TARGET_NAME)";
				SWIFT_VERSION = 5.0;
				TARGETED_DEVICE_FAMILY = "1,2";
				TEST_TARGET_NAME = VirtualMenu;
			};
			name = Release;
		};
/* End XCBuildConfiguration section */

/* Begin XCConfigurationList section */
		3A987ACE2480350C0021F6E4 /* Build configuration list for PBXProject "VirtualMenu" */ = {
			isa = XCConfigurationList;
			buildConfigurations = (
				3A987AFB2480350E0021F6E4 /* Debug */,
				3A987AFC2480350E0021F6E4 /* Release */,
			);
			defaultConfigurationIsVisible = 0;
			defaultConfigurationName = Release;
		};
		3A987AFD2480350E0021F6E4 /* Build configuration list for PBXNativeTarget "VirtualMenu" */ = {
			isa = XCConfigurationList;
			buildConfigurations = (
				3A987AFE2480350E0021F6E4 /* Debug */,
				3A987AFF2480350E0021F6E4 /* Release */,
			);
			defaultConfigurationIsVisible = 0;
			defaultConfigurationName = Release;
		};
		3A987B002480350E0021F6E4 /* Build configuration list for PBXNativeTarget "VirtualMenuTests" */ = {
			isa = XCConfigurationList;
			buildConfigurations = (
				3A987B012480350E0021F6E4 /* Debug */,
				3A987B022480350E0021F6E4 /* Release */,
			);
			defaultConfigurationIsVisible = 0;
			defaultConfigurationName = Release;
		};
		3A987B032480350E0021F6E4 /* Build configuration list for PBXNativeTarget "VirtualMenuUITests" */ = {
			isa = XCConfigurationList;
			buildConfigurations = (
				3A987B042480350E0021F6E4 /* Debug */,
				3A987B052480350E0021F6E4 /* Release */,
			);
			defaultConfigurationIsVisible = 0;
			defaultConfigurationName = Release;
		};
/* End XCConfigurationList section */
	};
	rootObject = 3A987ACB2480350C0021F6E4 /* Project object */;
}
