// !$*UTF8*$!
{
	archiveVersion = 1;
	classes = {
	};
	objectVersion = 51;
	objects = {

/* Begin PBXBuildFile section */
		34A5D663249BF6DF00E4FE9C /* DishDetailsView.swift in Sources */ = {isa = PBXBuildFile; fileRef = 34A5D662249BF6DF00E4FE9C /* DishDetailsView.swift */; };
		3A3136CB248159B600E46292 /* SignInWithAppleButton.swift in Sources */ = {isa = PBXBuildFile; fileRef = 3A3136C6248159B500E46292 /* SignInWithAppleButton.swift */; };
		3A3136CC248159B600E46292 /* SignInWithAppleDelegates.swift in Sources */ = {isa = PBXBuildFile; fileRef = 3A3136C7248159B500E46292 /* SignInWithAppleDelegates.swift */; };
		3A3136CD248159B600E46292 /* SignInWithAppleManager.swift in Sources */ = {isa = PBXBuildFile; fileRef = 3A3136C8248159B500E46292 /* SignInWithAppleManager.swift */; };
		3A3136CE248159B600E46292 /* AuthState.swift in Sources */ = {isa = PBXBuildFile; fileRef = 3A3136C9248159B600E46292 /* AuthState.swift */; };
		3A3136CF248159B600E46292 /* EnvironmentWindowKey.swift in Sources */ = {isa = PBXBuildFile; fileRef = 3A3136CA248159B600E46292 /* EnvironmentWindowKey.swift */; };
		3A3136D1248168C800E46292 /* LaunchScreen.swift in Sources */ = {isa = PBXBuildFile; fileRef = 3A3136D0248168C800E46292 /* LaunchScreen.swift */; };
		3A3137252483178A00E46292 /* Dish.swift in Sources */ = {isa = PBXBuildFile; fileRef = 3A31371F2483178900E46292 /* Dish.swift */; };
		3A3137262483178A00E46292 /* Model.swift in Sources */ = {isa = PBXBuildFile; fileRef = 3A3137202483178900E46292 /* Model.swift */; };
		3A3137282483178A00E46292 /* Restaurant.swift in Sources */ = {isa = PBXBuildFile; fileRef = 3A3137222483178A00E46292 /* Restaurant.swift */; };
		3A3137292483178A00E46292 /* Review.swift in Sources */ = {isa = PBXBuildFile; fileRef = 3A3137232483178A00E46292 /* Review.swift */; };
		3A31372A2483178A00E46292 /* ARMUser.swift in Sources */ = {isa = PBXBuildFile; fileRef = 3A3137242483178A00E46292 /* ARMUser.swift */; };
		3A3137332483293300E46292 /* StartView.swift in Sources */ = {isa = PBXBuildFile; fileRef = 3A3137322483293300E46292 /* StartView.swift */; };
		3A3137392483A25D00E46292 /* StringScanUtils.swift in Sources */ = {isa = PBXBuildFile; fileRef = 3A3137352483A25D00E46292 /* StringScanUtils.swift */; };
		3A31373A2483A25D00E46292 /* ScannerPreViewController.swift in Sources */ = {isa = PBXBuildFile; fileRef = 3A3137362483A25D00E46292 /* ScannerPreViewController.swift */; };
		3A31373D2483A2A400E46292 /* DatabaseRequest.swift in Sources */ = {isa = PBXBuildFile; fileRef = 3A31373C2483A2A400E46292 /* DatabaseRequest.swift */; };
		3A4A0E70249EB9320030635E /* AccountProfileView.swift in Sources */ = {isa = PBXBuildFile; fileRef = 3A4A0E6F249EB9320030635E /* AccountProfileView.swift */; };
		3A4A0E72249EB94D0030635E /* ImagePicker.swift in Sources */ = {isa = PBXBuildFile; fileRef = 3A4A0E71249EB94D0030635E /* ImagePicker.swift */; };
		3A4A0E74249EB9780030635E /* KeychainItem.swift in Sources */ = {isa = PBXBuildFile; fileRef = 3A4A0E73249EB9780030635E /* KeychainItem.swift */; };
		3A4A0E76249EB9AA0030635E /* UserStruct.swift in Sources */ = {isa = PBXBuildFile; fileRef = 3A4A0E75249EB9AA0030635E /* UserStruct.swift */; };
		3A7E59C82489A98100288AB0 /* ScannerViewController.swift in Sources */ = {isa = PBXBuildFile; fileRef = 3A7E59C72489A98100288AB0 /* ScannerViewController.swift */; };
		3A987AD72480350C0021F6E4 /* AppDelegate.swift in Sources */ = {isa = PBXBuildFile; fileRef = 3A987AD62480350C0021F6E4 /* AppDelegate.swift */; };
		3A987AD92480350C0021F6E4 /* SceneDelegate.swift in Sources */ = {isa = PBXBuildFile; fileRef = 3A987AD82480350C0021F6E4 /* SceneDelegate.swift */; };
		3A987ADD2480350E0021F6E4 /* Assets.xcassets in Resources */ = {isa = PBXBuildFile; fileRef = 3A987ADC2480350E0021F6E4 /* Assets.xcassets */; };
		3A987AE02480350E0021F6E4 /* Preview Assets.xcassets in Resources */ = {isa = PBXBuildFile; fileRef = 3A987ADF2480350E0021F6E4 /* Preview Assets.xcassets */; };
		3A987AE32480350E0021F6E4 /* LaunchScreen.storyboard in Resources */ = {isa = PBXBuildFile; fileRef = 3A987AE12480350E0021F6E4 /* LaunchScreen.storyboard */; };
		3A987AEE2480350E0021F6E4 /* VirtualMenuTests.swift in Sources */ = {isa = PBXBuildFile; fileRef = 3A987AED2480350E0021F6E4 /* VirtualMenuTests.swift */; };
		3A987AF92480350E0021F6E4 /* VirtualMenuUITests.swift in Sources */ = {isa = PBXBuildFile; fileRef = 3A987AF82480350E0021F6E4 /* VirtualMenuUITests.swift */; };
		3A987B0B24807E2B0021F6E4 /* SignInView.swift in Sources */ = {isa = PBXBuildFile; fileRef = 3A987B0A24807E2B0021F6E4 /* SignInView.swift */; };
		3A987B102481511B0021F6E4 /* ContentView.swift in Sources */ = {isa = PBXBuildFile; fileRef = 3A987B0F2481511B0021F6E4 /* ContentView.swift */; };
		3A9F981E248DD3F0007ABB71 /* ScannerFunctions.swift in Sources */ = {isa = PBXBuildFile; fileRef = 3A9F981D248DD3EF007ABB71 /* ScannerFunctions.swift */; };
		3A9F9823248DD790007ABB71 /* Scanner.storyboard in Resources */ = {isa = PBXBuildFile; fileRef = 3A9F9822248DD790007ABB71 /* Scanner.storyboard */; };
		3AF9926524A2B7C9005446D8 /* LoginView.swift in Sources */ = {isa = PBXBuildFile; fileRef = 3AF9926424A2B7C9005446D8 /* LoginView.swift */; };
		3AF9926824A2B918005446D8 /* Utils.swift in Sources */ = {isa = PBXBuildFile; fileRef = 3AF9926724A2B918005446D8 /* Utils.swift */; };
		3AF9926A24A2B95C005446D8 /* InputValidation.swift in Sources */ = {isa = PBXBuildFile; fileRef = 3AF9926924A2B95C005446D8 /* InputValidation.swift */; };
		3AF9927324A53AB4005446D8 /* InitialScreen.swift in Sources */ = {isa = PBXBuildFile; fileRef = 3AF9927224A53AB4005446D8 /* InitialScreen.swift */; };
		3AF9927524A53AC0005446D8 /* SignUpView.swift in Sources */ = {isa = PBXBuildFile; fileRef = 3AF9927424A53AC0005446D8 /* SignUpView.swift */; };
		5AE04E935A74D796296998C2 /* Pods_VirtualMenu.framework in Frameworks */ = {isa = PBXBuildFile; fileRef = 0071C2719F2506A39923A160 /* Pods_VirtualMenu.framework */; };
		A731EB0E2495AD2300B75D05 /* CloudKit.framework in Frameworks */ = {isa = PBXBuildFile; fileRef = A731EB0D2495AD2300B75D05 /* CloudKit.framework */; };
		A73B1B5F24B0FF8100A8C6A8 /* ListDishesViewModel.swift in Sources */ = {isa = PBXBuildFile; fileRef = A73B1B5E24B0FF8100A8C6A8 /* ListDishesViewModel.swift */; };
		A73FD46324919A1300A035AB /* ListDishesView.swift in Sources */ = {isa = PBXBuildFile; fileRef = A73FD46224919A1300A035AB /* ListDishesView.swift */; };
		A7FE250624A83C1D0007E5AD /* MapView.swift in Sources */ = {isa = PBXBuildFile; fileRef = A7FE250524A83C1D0007E5AD /* MapView.swift */; };
		A7FE250824A841620007E5AD /* RestaurantMapView.swift in Sources */ = {isa = PBXBuildFile; fileRef = A7FE250724A841620007E5AD /* RestaurantMapView.swift */; };
		C5CD0F2624AC421D00F0A60D /* FirebaseRequest.swift in Sources */ = {isa = PBXBuildFile; fileRef = C5CD0F2524AC421D00F0A60D /* FirebaseRequest.swift */; };
		C5CD0F2924AC4C6600F0A60D /* GoogleService-Info.plist in Resources */ = {isa = PBXBuildFile; fileRef = C5CD0F2824AC4C6600F0A60D /* GoogleService-Info.plist */; };
		C5CD0F2A24AC4C6600F0A60D /* GoogleService-Info.plist in Resources */ = {isa = PBXBuildFile; fileRef = C5CD0F2824AC4C6600F0A60D /* GoogleService-Info.plist */; };
		C5CD0F2B24AC4C6600F0A60D /* GoogleService-Info.plist in Resources */ = {isa = PBXBuildFile; fileRef = C5CD0F2824AC4C6600F0A60D /* GoogleService-Info.plist */; };
/* End PBXBuildFile section */

/* Begin PBXContainerItemProxy section */
		3A987AEA2480350E0021F6E4 /* PBXContainerItemProxy */ = {
			isa = PBXContainerItemProxy;
			containerPortal = 3A987ACB2480350C0021F6E4 /* Project object */;
			proxyType = 1;
			remoteGlobalIDString = 3A987AD22480350C0021F6E4;
			remoteInfo = VirtualMenu;
		};
		3A987AF52480350E0021F6E4 /* PBXContainerItemProxy */ = {
			isa = PBXContainerItemProxy;
			containerPortal = 3A987ACB2480350C0021F6E4 /* Project object */;
			proxyType = 1;
			remoteGlobalIDString = 3A987AD22480350C0021F6E4;
			remoteInfo = VirtualMenu;
		};
/* End PBXContainerItemProxy section */

/* Begin PBXFileReference section */
		0071C2719F2506A39923A160 /* Pods_VirtualMenu.framework */ = {isa = PBXFileReference; explicitFileType = wrapper.framework; includeInIndex = 0; path = Pods_VirtualMenu.framework; sourceTree = BUILT_PRODUCTS_DIR; };
		294A7360B8AB4A015588F3F8 /* Pods-VirtualMenu.debug.xcconfig */ = {isa = PBXFileReference; includeInIndex = 1; lastKnownFileType = text.xcconfig; name = "Pods-VirtualMenu.debug.xcconfig"; path = "Target Support Files/Pods-VirtualMenu/Pods-VirtualMenu.debug.xcconfig"; sourceTree = "<group>"; };
		34A5D662249BF6DF00E4FE9C /* DishDetailsView.swift */ = {isa = PBXFileReference; lastKnownFileType = sourcecode.swift; path = DishDetailsView.swift; sourceTree = "<group>"; };
		3A3136C6248159B500E46292 /* SignInWithAppleButton.swift */ = {isa = PBXFileReference; fileEncoding = 4; lastKnownFileType = sourcecode.swift; path = SignInWithAppleButton.swift; sourceTree = "<group>"; };
		3A3136C7248159B500E46292 /* SignInWithAppleDelegates.swift */ = {isa = PBXFileReference; fileEncoding = 4; lastKnownFileType = sourcecode.swift; path = SignInWithAppleDelegates.swift; sourceTree = "<group>"; };
		3A3136C8248159B500E46292 /* SignInWithAppleManager.swift */ = {isa = PBXFileReference; fileEncoding = 4; lastKnownFileType = sourcecode.swift; path = SignInWithAppleManager.swift; sourceTree = "<group>"; };
		3A3136C9248159B600E46292 /* AuthState.swift */ = {isa = PBXFileReference; fileEncoding = 4; lastKnownFileType = sourcecode.swift; path = AuthState.swift; sourceTree = "<group>"; };
		3A3136CA248159B600E46292 /* EnvironmentWindowKey.swift */ = {isa = PBXFileReference; fileEncoding = 4; lastKnownFileType = sourcecode.swift; path = EnvironmentWindowKey.swift; sourceTree = "<group>"; };
		3A3136D0248168C800E46292 /* LaunchScreen.swift */ = {isa = PBXFileReference; lastKnownFileType = sourcecode.swift; path = LaunchScreen.swift; sourceTree = "<group>"; };
		3A31371F2483178900E46292 /* Dish.swift */ = {isa = PBXFileReference; fileEncoding = 4; lastKnownFileType = sourcecode.swift; path = Dish.swift; sourceTree = "<group>"; };
		3A3137202483178900E46292 /* Model.swift */ = {isa = PBXFileReference; fileEncoding = 4; lastKnownFileType = sourcecode.swift; path = Model.swift; sourceTree = "<group>"; };
		3A3137222483178A00E46292 /* Restaurant.swift */ = {isa = PBXFileReference; fileEncoding = 4; lastKnownFileType = sourcecode.swift; path = Restaurant.swift; sourceTree = "<group>"; };
		3A3137232483178A00E46292 /* Review.swift */ = {isa = PBXFileReference; fileEncoding = 4; lastKnownFileType = sourcecode.swift; path = Review.swift; sourceTree = "<group>"; };
		3A3137242483178A00E46292 /* ARMUser.swift */ = {isa = PBXFileReference; fileEncoding = 4; lastKnownFileType = sourcecode.swift; path = ARMUser.swift; sourceTree = "<group>"; };
		3A3137322483293300E46292 /* StartView.swift */ = {isa = PBXFileReference; lastKnownFileType = sourcecode.swift; path = StartView.swift; sourceTree = "<group>"; };
		3A3137352483A25D00E46292 /* StringScanUtils.swift */ = {isa = PBXFileReference; fileEncoding = 4; lastKnownFileType = sourcecode.swift; path = StringScanUtils.swift; sourceTree = "<group>"; };
		3A3137362483A25D00E46292 /* ScannerPreViewController.swift */ = {isa = PBXFileReference; fileEncoding = 4; lastKnownFileType = sourcecode.swift; path = ScannerPreViewController.swift; sourceTree = "<group>"; };
		3A31373C2483A2A400E46292 /* DatabaseRequest.swift */ = {isa = PBXFileReference; fileEncoding = 4; lastKnownFileType = sourcecode.swift; path = DatabaseRequest.swift; sourceTree = "<group>"; };
		3A4A0E6F249EB9320030635E /* AccountProfileView.swift */ = {isa = PBXFileReference; lastKnownFileType = sourcecode.swift; path = AccountProfileView.swift; sourceTree = "<group>"; };
		3A4A0E71249EB94D0030635E /* ImagePicker.swift */ = {isa = PBXFileReference; lastKnownFileType = sourcecode.swift; path = ImagePicker.swift; sourceTree = "<group>"; };
		3A4A0E73249EB9780030635E /* KeychainItem.swift */ = {isa = PBXFileReference; lastKnownFileType = sourcecode.swift; path = KeychainItem.swift; sourceTree = "<group>"; };
		3A4A0E75249EB9AA0030635E /* UserStruct.swift */ = {isa = PBXFileReference; lastKnownFileType = sourcecode.swift; path = UserStruct.swift; sourceTree = "<group>"; };
		3A7E59C72489A98100288AB0 /* ScannerViewController.swift */ = {isa = PBXFileReference; lastKnownFileType = sourcecode.swift; path = ScannerViewController.swift; sourceTree = "<group>"; };
		3A987AD32480350C0021F6E4 /* VirtualMenu.app */ = {isa = PBXFileReference; explicitFileType = wrapper.application; includeInIndex = 0; path = VirtualMenu.app; sourceTree = BUILT_PRODUCTS_DIR; };
		3A987AD62480350C0021F6E4 /* AppDelegate.swift */ = {isa = PBXFileReference; lastKnownFileType = sourcecode.swift; path = AppDelegate.swift; sourceTree = "<group>"; };
		3A987AD82480350C0021F6E4 /* SceneDelegate.swift */ = {isa = PBXFileReference; lastKnownFileType = sourcecode.swift; path = SceneDelegate.swift; sourceTree = "<group>"; };
		3A987ADC2480350E0021F6E4 /* Assets.xcassets */ = {isa = PBXFileReference; lastKnownFileType = folder.assetcatalog; path = Assets.xcassets; sourceTree = "<group>"; };
		3A987ADF2480350E0021F6E4 /* Preview Assets.xcassets */ = {isa = PBXFileReference; lastKnownFileType = folder.assetcatalog; path = "Preview Assets.xcassets"; sourceTree = "<group>"; };
		3A987AE22480350E0021F6E4 /* Base */ = {isa = PBXFileReference; lastKnownFileType = file.storyboard; name = Base; path = Base.lproj/LaunchScreen.storyboard; sourceTree = "<group>"; };
		3A987AE42480350E0021F6E4 /* Info.plist */ = {isa = PBXFileReference; lastKnownFileType = text.plist.xml; path = Info.plist; sourceTree = "<group>"; };
		3A987AE92480350E0021F6E4 /* VirtualMenuTests.xctest */ = {isa = PBXFileReference; explicitFileType = wrapper.cfbundle; includeInIndex = 0; path = VirtualMenuTests.xctest; sourceTree = BUILT_PRODUCTS_DIR; };
		3A987AED2480350E0021F6E4 /* VirtualMenuTests.swift */ = {isa = PBXFileReference; lastKnownFileType = sourcecode.swift; path = VirtualMenuTests.swift; sourceTree = "<group>"; };
		3A987AEF2480350E0021F6E4 /* Info.plist */ = {isa = PBXFileReference; lastKnownFileType = text.plist.xml; path = Info.plist; sourceTree = "<group>"; };
		3A987AF42480350E0021F6E4 /* VirtualMenuUITests.xctest */ = {isa = PBXFileReference; explicitFileType = wrapper.cfbundle; includeInIndex = 0; path = VirtualMenuUITests.xctest; sourceTree = BUILT_PRODUCTS_DIR; };
		3A987AF82480350E0021F6E4 /* VirtualMenuUITests.swift */ = {isa = PBXFileReference; lastKnownFileType = sourcecode.swift; path = VirtualMenuUITests.swift; sourceTree = "<group>"; };
		3A987AFA2480350E0021F6E4 /* Info.plist */ = {isa = PBXFileReference; lastKnownFileType = text.plist.xml; path = Info.plist; sourceTree = "<group>"; };
		3A987B0A24807E2B0021F6E4 /* SignInView.swift */ = {isa = PBXFileReference; lastKnownFileType = sourcecode.swift; path = SignInView.swift; sourceTree = "<group>"; };
		3A987B0E248086D30021F6E4 /* VirtualMenu.entitlements */ = {isa = PBXFileReference; lastKnownFileType = text.plist.entitlements; path = VirtualMenu.entitlements; sourceTree = "<group>"; };
		3A987B0F2481511B0021F6E4 /* ContentView.swift */ = {isa = PBXFileReference; fileEncoding = 4; lastKnownFileType = sourcecode.swift; path = ContentView.swift; sourceTree = "<group>"; };
		3A9F981D248DD3EF007ABB71 /* ScannerFunctions.swift */ = {isa = PBXFileReference; fileEncoding = 4; lastKnownFileType = sourcecode.swift; path = ScannerFunctions.swift; sourceTree = "<group>"; };
		3A9F9822248DD790007ABB71 /* Scanner.storyboard */ = {isa = PBXFileReference; fileEncoding = 4; lastKnownFileType = file.storyboard; path = Scanner.storyboard; sourceTree = "<group>"; };
		3AF9926424A2B7C9005446D8 /* LoginView.swift */ = {isa = PBXFileReference; lastKnownFileType = sourcecode.swift; path = LoginView.swift; sourceTree = "<group>"; };
		3AF9926724A2B918005446D8 /* Utils.swift */ = {isa = PBXFileReference; lastKnownFileType = sourcecode.swift; path = Utils.swift; sourceTree = "<group>"; };
		3AF9926924A2B95C005446D8 /* InputValidation.swift */ = {isa = PBXFileReference; lastKnownFileType = sourcecode.swift; path = InputValidation.swift; sourceTree = "<group>"; };
		3AF9927224A53AB4005446D8 /* InitialScreen.swift */ = {isa = PBXFileReference; fileEncoding = 4; lastKnownFileType = sourcecode.swift; path = InitialScreen.swift; sourceTree = "<group>"; };
		3AF9927424A53AC0005446D8 /* SignUpView.swift */ = {isa = PBXFileReference; fileEncoding = 4; lastKnownFileType = sourcecode.swift; path = SignUpView.swift; sourceTree = "<group>"; };
		6E323FD7CC7F0EC1739CC297 /* Pods-VirtualMenu.release.xcconfig */ = {isa = PBXFileReference; includeInIndex = 1; lastKnownFileType = text.xcconfig; name = "Pods-VirtualMenu.release.xcconfig"; path = "Target Support Files/Pods-VirtualMenu/Pods-VirtualMenu.release.xcconfig"; sourceTree = "<group>"; };
		A731EB0D2495AD2300B75D05 /* CloudKit.framework */ = {isa = PBXFileReference; lastKnownFileType = wrapper.framework; name = CloudKit.framework; path = System/Library/Frameworks/CloudKit.framework; sourceTree = SDKROOT; };
		A73B1B5E24B0FF8100A8C6A8 /* ListDishesViewModel.swift */ = {isa = PBXFileReference; lastKnownFileType = sourcecode.swift; path = ListDishesViewModel.swift; sourceTree = "<group>"; };
		A73FD46224919A1300A035AB /* ListDishesView.swift */ = {isa = PBXFileReference; indentWidth = 4; lastKnownFileType = sourcecode.swift; path = ListDishesView.swift; sourceTree = "<group>"; tabWidth = 4; usesTabs = 0; wrapsLines = 1; };
		A7FE250524A83C1D0007E5AD /* MapView.swift */ = {isa = PBXFileReference; lastKnownFileType = sourcecode.swift; path = MapView.swift; sourceTree = "<group>"; };
		A7FE250724A841620007E5AD /* RestaurantMapView.swift */ = {isa = PBXFileReference; lastKnownFileType = sourcecode.swift; path = RestaurantMapView.swift; sourceTree = "<group>"; };
		C5CD0F2524AC421D00F0A60D /* FirebaseRequest.swift */ = {isa = PBXFileReference; lastKnownFileType = sourcecode.swift; path = FirebaseRequest.swift; sourceTree = "<group>"; };
		C5CD0F2824AC4C6600F0A60D /* GoogleService-Info.plist */ = {isa = PBXFileReference; fileEncoding = 4; lastKnownFileType = text.plist.xml; path = "GoogleService-Info.plist"; sourceTree = "<group>"; };
/* End PBXFileReference section */

/* Begin PBXFrameworksBuildPhase section */
		3A987AD02480350C0021F6E4 /* Frameworks */ = {
			isa = PBXFrameworksBuildPhase;
			buildActionMask = 2147483647;
			files = (
				5AE04E935A74D796296998C2 /* Pods_VirtualMenu.framework in Frameworks */,
				A731EB0E2495AD2300B75D05 /* CloudKit.framework in Frameworks */,
			);
			runOnlyForDeploymentPostprocessing = 0;
		};
		3A987AE62480350E0021F6E4 /* Frameworks */ = {
			isa = PBXFrameworksBuildPhase;
			buildActionMask = 2147483647;
			files = (
			);
			runOnlyForDeploymentPostprocessing = 0;
		};
		3A987AF12480350E0021F6E4 /* Frameworks */ = {
			isa = PBXFrameworksBuildPhase;
			buildActionMask = 2147483647;
			files = (
			);
			runOnlyForDeploymentPostprocessing = 0;
		};
/* End PBXFrameworksBuildPhase section */

/* Begin PBXGroup section */
		3A3136C52481598700E46292 /* SignInWithAppleHelpers */ = {
			isa = PBXGroup;
			children = (
				3A3136C9248159B600E46292 /* AuthState.swift */,
				3A3136CA248159B600E46292 /* EnvironmentWindowKey.swift */,
				3A3136C6248159B500E46292 /* SignInWithAppleButton.swift */,
				3A3136C7248159B500E46292 /* SignInWithAppleDelegates.swift */,
				3A3136C8248159B500E46292 /* SignInWithAppleManager.swift */,
				3A4A0E73249EB9780030635E /* KeychainItem.swift */,
				3A4A0E75249EB9AA0030635E /* UserStruct.swift */,
			);
			path = SignInWithAppleHelpers;
			sourceTree = "<group>";
		};
		3A31371C2483172700E46292 /* Scanner */ = {
			isa = PBXGroup;
			children = (
				3A9F981D248DD3EF007ABB71 /* ScannerFunctions.swift */,
				3A7E59C72489A98100288AB0 /* ScannerViewController.swift */,
				3A9F9822248DD790007ABB71 /* Scanner.storyboard */,
				3A3137362483A25D00E46292 /* ScannerPreViewController.swift */,
				3A3137352483A25D00E46292 /* StringScanUtils.swift */,
			);
			path = Scanner;
			sourceTree = "<group>";
		};
		3A31372B2483179800E46292 /* Model */ = {
			isa = PBXGroup;
			children = (
				3A3137242483178A00E46292 /* ARMUser.swift */,
				3A31371F2483178900E46292 /* Dish.swift */,
				3A3137202483178900E46292 /* Model.swift */,
				3A3137222483178A00E46292 /* Restaurant.swift */,
				3A3137232483178A00E46292 /* Review.swift */,
			);
			path = Model;
			sourceTree = "<group>";
		};
		3A987ACA2480350C0021F6E4 = {
			isa = PBXGroup;
			children = (
				3A987AD52480350C0021F6E4 /* VirtualMenu */,
				3A987AEC2480350E0021F6E4 /* VirtualMenuTests */,
				3A987AF72480350E0021F6E4 /* VirtualMenuUITests */,
				3A987AD42480350C0021F6E4 /* Products */,
				7D43EDA24CF9AA630D4BB85D /* Pods */,
				72573513B3F6B92305A269F4 /* Frameworks */,
			);
			sourceTree = "<group>";
		};
		3A987AD42480350C0021F6E4 /* Products */ = {
			isa = PBXGroup;
			children = (
				3A987AD32480350C0021F6E4 /* VirtualMenu.app */,
				3A987AE92480350E0021F6E4 /* VirtualMenuTests.xctest */,
				3A987AF42480350E0021F6E4 /* VirtualMenuUITests.xctest */,
			);
			name = Products;
			sourceTree = "<group>";
		};
		3A987AD52480350C0021F6E4 /* VirtualMenu */ = {
			isa = PBXGroup;
			children = (
				C5CD0F2824AC4C6600F0A60D /* GoogleService-Info.plist */,
				3AF9926624A2B8F8005446D8 /* Utils */,
				3A31373C2483A2A400E46292 /* DatabaseRequest.swift */,
				C5CD0F2524AC421D00F0A60D /* FirebaseRequest.swift */,
				3A31372B2483179800E46292 /* Model */,
				3A31371C2483172700E46292 /* Scanner */,
				3A3136C52481598700E46292 /* SignInWithAppleHelpers */,
				A73B1B5D24B0FF4100A8C6A8 /* ViewModels */,
				A73B1B5924B0FDA800A8C6A8 /* Views */,
				3A987AD62480350C0021F6E4 /* AppDelegate.swift */,
				3A4A0E71249EB94D0030635E /* ImagePicker.swift */,
				3A987AD82480350C0021F6E4 /* SceneDelegate.swift */,
				3A987ADC2480350E0021F6E4 /* Assets.xcassets */,
				3A987AE12480350E0021F6E4 /* LaunchScreen.storyboard */,
				3A987AE42480350E0021F6E4 /* Info.plist */,
				3A987B0E248086D30021F6E4 /* VirtualMenu.entitlements */,
				3A987ADE2480350E0021F6E4 /* Preview Content */,
			);
			path = VirtualMenu;
			sourceTree = "<group>";
		};
		3A987ADE2480350E0021F6E4 /* Preview Content */ = {
			isa = PBXGroup;
			children = (
				3A987ADF2480350E0021F6E4 /* Preview Assets.xcassets */,
			);
			path = "Preview Content";
			sourceTree = "<group>";
		};
		3A987AEC2480350E0021F6E4 /* VirtualMenuTests */ = {
			isa = PBXGroup;
			children = (
				3A987AED2480350E0021F6E4 /* VirtualMenuTests.swift */,
				3A987AEF2480350E0021F6E4 /* Info.plist */,
			);
			path = VirtualMenuTests;
			sourceTree = "<group>";
		};
		3A987AF72480350E0021F6E4 /* VirtualMenuUITests */ = {
			isa = PBXGroup;
			children = (
				3A987AF82480350E0021F6E4 /* VirtualMenuUITests.swift */,
				3A987AFA2480350E0021F6E4 /* Info.plist */,
			);
			path = VirtualMenuUITests;
			sourceTree = "<group>";
		};
		3AF9926624A2B8F8005446D8 /* Utils */ = {
			isa = PBXGroup;
			children = (
				3AF9926724A2B918005446D8 /* Utils.swift */,
				3AF9926924A2B95C005446D8 /* InputValidation.swift */,
			);
			path = Utils;
			sourceTree = "<group>";
		};
		72573513B3F6B92305A269F4 /* Frameworks */ = {
			isa = PBXGroup;
			children = (
				A731EB0D2495AD2300B75D05 /* CloudKit.framework */,
				0071C2719F2506A39923A160 /* Pods_VirtualMenu.framework */,
			);
			name = Frameworks;
			sourceTree = "<group>";
		};
		7D43EDA24CF9AA630D4BB85D /* Pods */ = {
			isa = PBXGroup;
			children = (
				294A7360B8AB4A015588F3F8 /* Pods-VirtualMenu.debug.xcconfig */,
				6E323FD7CC7F0EC1739CC297 /* Pods-VirtualMenu.release.xcconfig */,
			);
			path = Pods;
			sourceTree = "<group>";
		};
		A73B1B5924B0FDA800A8C6A8 /* Views */ = {
			isa = PBXGroup;
			children = (
				3A3136D0248168C800E46292 /* LaunchScreen.swift */,
				3AF9927224A53AB4005446D8 /* InitialScreen.swift */,
				3A3137322483293300E46292 /* StartView.swift */,
				A73FD46224919A1300A035AB /* ListDishesView.swift */,
				34A5D662249BF6DF00E4FE9C /* DishDetailsView.swift */,
				A73B1B6024B1019E00A8C6A8 /* RestaurantMapView */,
				3A4A0E6F249EB9320030635E /* AccountProfileView.swift */,
				3A987B0F2481511B0021F6E4 /* ContentView.swift */,
				3AF9926424A2B7C9005446D8 /* LoginView.swift */,
				3AF9927424A53AC0005446D8 /* SignUpView.swift */,
				3A987B0A24807E2B0021F6E4 /* SignInView.swift */,
			);
			path = Views;
			sourceTree = "<group>";
		};
		A73B1B5D24B0FF4100A8C6A8 /* ViewModels */ = {
			isa = PBXGroup;
			children = (
				A73B1B5E24B0FF8100A8C6A8 /* ListDishesViewModel.swift */,
			);
			path = ViewModels;
			sourceTree = "<group>";
		};
		A73B1B6024B1019E00A8C6A8 /* RestaurantMapView */ = {
			isa = PBXGroup;
			children = (
				A7FE250724A841620007E5AD /* RestaurantMapView.swift */,
				A7FE250524A83C1D0007E5AD /* MapView.swift */,
			);
			path = RestaurantMapView;
			sourceTree = "<group>";
		};
/* End PBXGroup section */

/* Begin PBXNativeTarget section */
		3A987AD22480350C0021F6E4 /* VirtualMenu */ = {
			isa = PBXNativeTarget;
			buildConfigurationList = 3A987AFD2480350E0021F6E4 /* Build configuration list for PBXNativeTarget "VirtualMenu" */;
			buildPhases = (
				8D48908023FF8446E274414B /* [CP] Check Pods Manifest.lock */,
				3A987ACF2480350C0021F6E4 /* Sources */,
				3A987AD02480350C0021F6E4 /* Frameworks */,
				3A987AD12480350C0021F6E4 /* Resources */,
				76D64DD58A035BA8722C9548 /* [CP] Embed Pods Frameworks */,
			);
			buildRules = (
			);
			dependencies = (
			);
			name = VirtualMenu;
			productName = VirtualMenu;
			productReference = 3A987AD32480350C0021F6E4 /* VirtualMenu.app */;
			productType = "com.apple.product-type.application";
		};
		3A987AE82480350E0021F6E4 /* VirtualMenuTests */ = {
			isa = PBXNativeTarget;
			buildConfigurationList = 3A987B002480350E0021F6E4 /* Build configuration list for PBXNativeTarget "VirtualMenuTests" */;
			buildPhases = (
				3A987AE52480350E0021F6E4 /* Sources */,
				3A987AE62480350E0021F6E4 /* Frameworks */,
				3A987AE72480350E0021F6E4 /* Resources */,
			);
			buildRules = (
			);
			dependencies = (
				3A987AEB2480350E0021F6E4 /* PBXTargetDependency */,
			);
			name = VirtualMenuTests;
			productName = VirtualMenuTests;
			productReference = 3A987AE92480350E0021F6E4 /* VirtualMenuTests.xctest */;
			productType = "com.apple.product-type.bundle.unit-test";
		};
		3A987AF32480350E0021F6E4 /* VirtualMenuUITests */ = {
			isa = PBXNativeTarget;
			buildConfigurationList = 3A987B032480350E0021F6E4 /* Build configuration list for PBXNativeTarget "VirtualMenuUITests" */;
			buildPhases = (
				3A987AF02480350E0021F6E4 /* Sources */,
				3A987AF12480350E0021F6E4 /* Frameworks */,
				3A987AF22480350E0021F6E4 /* Resources */,
			);
			buildRules = (
			);
			dependencies = (
				3A987AF62480350E0021F6E4 /* PBXTargetDependency */,
			);
			name = VirtualMenuUITests;
			productName = VirtualMenuUITests;
			productReference = 3A987AF42480350E0021F6E4 /* VirtualMenuUITests.xctest */;
			productType = "com.apple.product-type.bundle.ui-testing";
		};
/* End PBXNativeTarget section */

/* Begin PBXProject section */
		3A987ACB2480350C0021F6E4 /* Project object */ = {
			isa = PBXProject;
			attributes = {
				LastSwiftUpdateCheck = 1130;
				LastUpgradeCheck = 1130;
				ORGANIZATIONNAME = "Rohan Tyagi";
				TargetAttributes = {
					3A987AD22480350C0021F6E4 = {
						CreatedOnToolsVersion = 11.3.1;
					};
					3A987AE82480350E0021F6E4 = {
						CreatedOnToolsVersion = 11.3.1;
						TestTargetID = 3A987AD22480350C0021F6E4;
					};
					3A987AF32480350E0021F6E4 = {
						CreatedOnToolsVersion = 11.3.1;
						TestTargetID = 3A987AD22480350C0021F6E4;
					};
				};
			};
			buildConfigurationList = 3A987ACE2480350C0021F6E4 /* Build configuration list for PBXProject "VirtualMenu" */;
			compatibilityVersion = "Xcode 9.3";
			developmentRegion = en;
			hasScannedForEncodings = 0;
			knownRegions = (
				en,
				Base,
			);
			mainGroup = 3A987ACA2480350C0021F6E4;
			productRefGroup = 3A987AD42480350C0021F6E4 /* Products */;
			projectDirPath = "";
			projectRoot = "";
			targets = (
				3A987AD22480350C0021F6E4 /* VirtualMenu */,
				3A987AE82480350E0021F6E4 /* VirtualMenuTests */,
				3A987AF32480350E0021F6E4 /* VirtualMenuUITests */,
			);
		};
/* End PBXProject section */

/* Begin PBXResourcesBuildPhase section */
		3A987AD12480350C0021F6E4 /* Resources */ = {
			isa = PBXResourcesBuildPhase;
			buildActionMask = 2147483647;
			files = (
				3A987AE32480350E0021F6E4 /* LaunchScreen.storyboard in Resources */,
				3A987AE02480350E0021F6E4 /* Preview Assets.xcassets in Resources */,
				C5CD0F2924AC4C6600F0A60D /* GoogleService-Info.plist in Resources */,
				3A987ADD2480350E0021F6E4 /* Assets.xcassets in Resources */,
				3A9F9823248DD790007ABB71 /* Scanner.storyboard in Resources */,
			);
			runOnlyForDeploymentPostprocessing = 0;
		};
		3A987AE72480350E0021F6E4 /* Resources */ = {
			isa = PBXResourcesBuildPhase;
			buildActionMask = 2147483647;
			files = (
				C5CD0F2A24AC4C6600F0A60D /* GoogleService-Info.plist in Resources */,
			);
			runOnlyForDeploymentPostprocessing = 0;
		};
		3A987AF22480350E0021F6E4 /* Resources */ = {
			isa = PBXResourcesBuildPhase;
			buildActionMask = 2147483647;
			files = (
				C5CD0F2B24AC4C6600F0A60D /* GoogleService-Info.plist in Resources */,
			);
			runOnlyForDeploymentPostprocessing = 0;
		};
/* End PBXResourcesBuildPhase section */

/* Begin PBXShellScriptBuildPhase section */
		76D64DD58A035BA8722C9548 /* [CP] Embed Pods Frameworks */ = {
			isa = PBXShellScriptBuildPhase;
			buildActionMask = 2147483647;
			files = (
			);
			inputFileListPaths = (
				"${PODS_ROOT}/Target Support Files/Pods-VirtualMenu/Pods-VirtualMenu-frameworks-${CONFIGURATION}-input-files.xcfilelist",
			);
			name = "[CP] Embed Pods Frameworks";
			outputFileListPaths = (
				"${PODS_ROOT}/Target Support Files/Pods-VirtualMenu/Pods-VirtualMenu-frameworks-${CONFIGURATION}-output-files.xcfilelist",
			);
			runOnlyForDeploymentPostprocessing = 0;
			shellPath = /bin/sh;
			shellScript = "\"${PODS_ROOT}/Target Support Files/Pods-VirtualMenu/Pods-VirtualMenu-frameworks.sh\"\n";
			showEnvVarsInLog = 0;
		};
		8D48908023FF8446E274414B /* [CP] Check Pods Manifest.lock */ = {
			isa = PBXShellScriptBuildPhase;
			buildActionMask = 2147483647;
			files = (
			);
			inputFileListPaths = (
			);
			inputPaths = (
				"${PODS_PODFILE_DIR_PATH}/Podfile.lock",
				"${PODS_ROOT}/Manifest.lock",
			);
			name = "[CP] Check Pods Manifest.lock";
			outputFileListPaths = (
			);
			outputPaths = (
				"$(DERIVED_FILE_DIR)/Pods-VirtualMenu-checkManifestLockResult.txt",
			);
			runOnlyForDeploymentPostprocessing = 0;
			shellPath = /bin/sh;
			shellScript = "diff \"${PODS_PODFILE_DIR_PATH}/Podfile.lock\" \"${PODS_ROOT}/Manifest.lock\" > /dev/null\nif [ $? != 0 ] ; then\n    # print error to STDERR\n    echo \"error: The sandbox is not in sync with the Podfile.lock. Run 'pod install' or update your CocoaPods installation.\" >&2\n    exit 1\nfi\n# This output is used by Xcode 'outputs' to avoid re-running this script phase.\necho \"SUCCESS\" > \"${SCRIPT_OUTPUT_FILE_0}\"\n";
			showEnvVarsInLog = 0;
		};
/* End PBXShellScriptBuildPhase section */

/* Begin PBXSourcesBuildPhase section */
		3A987ACF2480350C0021F6E4 /* Sources */ = {
			isa = PBXSourcesBuildPhase;
			buildActionMask = 2147483647;
			files = (
				3A3136CB248159B600E46292 /* SignInWithAppleButton.swift in Sources */,
				3A3137392483A25D00E46292 /* StringScanUtils.swift in Sources */,
				3AF9927324A53AB4005446D8 /* InitialScreen.swift in Sources */,
				3A4A0E74249EB9780030635E /* KeychainItem.swift in Sources */,
				3A4A0E72249EB94D0030635E /* ImagePicker.swift in Sources */,
				C5CD0F2624AC421D00F0A60D /* FirebaseRequest.swift in Sources */,
				3A3137332483293300E46292 /* StartView.swift in Sources */,
				3A987B102481511B0021F6E4 /* ContentView.swift in Sources */,
				34A5D663249BF6DF00E4FE9C /* DishDetailsView.swift in Sources */,
				3A3136D1248168C800E46292 /* LaunchScreen.swift in Sources */,
				3AF9926824A2B918005446D8 /* Utils.swift in Sources */,
				3A987AD72480350C0021F6E4 /* AppDelegate.swift in Sources */,
				3A3136CD248159B600E46292 /* SignInWithAppleManager.swift in Sources */,
				3A7E59C82489A98100288AB0 /* ScannerViewController.swift in Sources */,
				3A3137292483178A00E46292 /* Review.swift in Sources */,
				3AF9926A24A2B95C005446D8 /* InputValidation.swift in Sources */,
				A73B1B5F24B0FF8100A8C6A8 /* ListDishesViewModel.swift in Sources */,
				3A4A0E76249EB9AA0030635E /* UserStruct.swift in Sources */,
				A7FE250824A841620007E5AD /* RestaurantMapView.swift in Sources */,
				3A9F981E248DD3F0007ABB71 /* ScannerFunctions.swift in Sources */,
				A73FD46324919A1300A035AB /* ListDishesView.swift in Sources */,
				3A987AD92480350C0021F6E4 /* SceneDelegate.swift in Sources */,
				3A31372A2483178A00E46292 /* ARMUser.swift in Sources */,
				3A3137262483178A00E46292 /* Model.swift in Sources */,
				3A3136CE248159B600E46292 /* AuthState.swift in Sources */,
				3A31373D2483A2A400E46292 /* DatabaseRequest.swift in Sources */,
				3A987B0B24807E2B0021F6E4 /* SignInView.swift in Sources */,
				3A31373A2483A25D00E46292 /* ScannerPreViewController.swift in Sources */,
				A7FE250624A83C1D0007E5AD /* MapView.swift in Sources */,
				3AF9926524A2B7C9005446D8 /* LoginView.swift in Sources */,
				3A3137282483178A00E46292 /* Restaurant.swift in Sources */,
				3A4A0E70249EB9320030635E /* AccountProfileView.swift in Sources */,
				3AF9927524A53AC0005446D8 /* SignUpView.swift in Sources */,
				3A3137252483178A00E46292 /* Dish.swift in Sources */,
				3A3136CC248159B600E46292 /* SignInWithAppleDelegates.swift in Sources */,
				3A3136CF248159B600E46292 /* EnvironmentWindowKey.swift in Sources */,
			);
			runOnlyForDeploymentPostprocessing = 0;
		};
		3A987AE52480350E0021F6E4 /* Sources */ = {
			isa = PBXSourcesBuildPhase;
			buildActionMask = 2147483647;
			files = (
				3A987AEE2480350E0021F6E4 /* VirtualMenuTests.swift in Sources */,
			);
			runOnlyForDeploymentPostprocessing = 0;
		};
		3A987AF02480350E0021F6E4 /* Sources */ = {
			isa = PBXSourcesBuildPhase;
			buildActionMask = 2147483647;
			files = (
				3A987AF92480350E0021F6E4 /* VirtualMenuUITests.swift in Sources */,
			);
			runOnlyForDeploymentPostprocessing = 0;
		};
/* End PBXSourcesBuildPhase section */

/* Begin PBXTargetDependency section */
		3A987AEB2480350E0021F6E4 /* PBXTargetDependency */ = {
			isa = PBXTargetDependency;
			target = 3A987AD22480350C0021F6E4 /* VirtualMenu */;
			targetProxy = 3A987AEA2480350E0021F6E4 /* PBXContainerItemProxy */;
		};
		3A987AF62480350E0021F6E4 /* PBXTargetDependency */ = {
			isa = PBXTargetDependency;
			target = 3A987AD22480350C0021F6E4 /* VirtualMenu */;
			targetProxy = 3A987AF52480350E0021F6E4 /* PBXContainerItemProxy */;
		};
/* End PBXTargetDependency section */

/* Begin PBXVariantGroup section */
		3A987AE12480350E0021F6E4 /* LaunchScreen.storyboard */ = {
			isa = PBXVariantGroup;
			children = (
				3A987AE22480350E0021F6E4 /* Base */,
			);
			name = LaunchScreen.storyboard;
			sourceTree = "<group>";
		};
/* End PBXVariantGroup section */

/* Begin XCBuildConfiguration section */
		3A987AFB2480350E0021F6E4 /* Debug */ = {
			isa = XCBuildConfiguration;
			buildSettings = {
				ALWAYS_SEARCH_USER_PATHS = NO;
				CLANG_ANALYZER_NONNULL = YES;
				CLANG_ANALYZER_NUMBER_OBJECT_CONVERSION = YES_AGGRESSIVE;
				CLANG_CXX_LANGUAGE_STANDARD = "gnu++14";
				CLANG_CXX_LIBRARY = "libc++";
				CLANG_ENABLE_MODULES = YES;
				CLANG_ENABLE_OBJC_ARC = YES;
				CLANG_ENABLE_OBJC_WEAK = YES;
				CLANG_WARN_BLOCK_CAPTURE_AUTORELEASING = YES;
				CLANG_WARN_BOOL_CONVERSION = YES;
				CLANG_WARN_COMMA = YES;
				CLANG_WARN_CONSTANT_CONVERSION = YES;
				CLANG_WARN_DEPRECATED_OBJC_IMPLEMENTATIONS = YES;
				CLANG_WARN_DIRECT_OBJC_ISA_USAGE = YES_ERROR;
				CLANG_WARN_DOCUMENTATION_COMMENTS = YES;
				CLANG_WARN_EMPTY_BODY = YES;
				CLANG_WARN_ENUM_CONVERSION = YES;
				CLANG_WARN_INFINITE_RECURSION = YES;
				CLANG_WARN_INT_CONVERSION = YES;
				CLANG_WARN_NON_LITERAL_NULL_CONVERSION = YES;
				CLANG_WARN_OBJC_IMPLICIT_RETAIN_SELF = YES;
				CLANG_WARN_OBJC_LITERAL_CONVERSION = YES;
				CLANG_WARN_OBJC_ROOT_CLASS = YES_ERROR;
				CLANG_WARN_RANGE_LOOP_ANALYSIS = YES;
				CLANG_WARN_STRICT_PROTOTYPES = YES;
				CLANG_WARN_SUSPICIOUS_MOVE = YES;
				CLANG_WARN_UNGUARDED_AVAILABILITY = YES_AGGRESSIVE;
				CLANG_WARN_UNREACHABLE_CODE = YES;
				CLANG_WARN__DUPLICATE_METHOD_MATCH = YES;
				COPY_PHASE_STRIP = NO;
				DEBUG_INFORMATION_FORMAT = dwarf;
				ENABLE_STRICT_OBJC_MSGSEND = YES;
				ENABLE_TESTABILITY = YES;
				GCC_C_LANGUAGE_STANDARD = gnu11;
				GCC_DYNAMIC_NO_PIC = NO;
				GCC_NO_COMMON_BLOCKS = YES;
				GCC_OPTIMIZATION_LEVEL = 0;
				GCC_PREPROCESSOR_DEFINITIONS = (
					"DEBUG=1",
					"$(inherited)",
				);
				GCC_WARN_64_TO_32_BIT_CONVERSION = YES;
				GCC_WARN_ABOUT_RETURN_TYPE = YES_ERROR;
				GCC_WARN_UNDECLARED_SELECTOR = YES;
				GCC_WARN_UNINITIALIZED_AUTOS = YES_AGGRESSIVE;
				GCC_WARN_UNUSED_FUNCTION = YES;
				GCC_WARN_UNUSED_VARIABLE = YES;
				IPHONEOS_DEPLOYMENT_TARGET = 13.2;
				MTL_ENABLE_DEBUG_INFO = INCLUDE_SOURCE;
				MTL_FAST_MATH = YES;
				ONLY_ACTIVE_ARCH = YES;
				SDKROOT = iphoneos;
				SWIFT_ACTIVE_COMPILATION_CONDITIONS = DEBUG;
				SWIFT_OPTIMIZATION_LEVEL = "-Onone";
			};
			name = Debug;
		};
		3A987AFC2480350E0021F6E4 /* Release */ = {
			isa = XCBuildConfiguration;
			buildSettings = {
				ALWAYS_SEARCH_USER_PATHS = NO;
				CLANG_ANALYZER_NONNULL = YES;
				CLANG_ANALYZER_NUMBER_OBJECT_CONVERSION = YES_AGGRESSIVE;
				CLANG_CXX_LANGUAGE_STANDARD = "gnu++14";
				CLANG_CXX_LIBRARY = "libc++";
				CLANG_ENABLE_MODULES = YES;
				CLANG_ENABLE_OBJC_ARC = YES;
				CLANG_ENABLE_OBJC_WEAK = YES;
				CLANG_WARN_BLOCK_CAPTURE_AUTORELEASING = YES;
				CLANG_WARN_BOOL_CONVERSION = YES;
				CLANG_WARN_COMMA = YES;
				CLANG_WARN_CONSTANT_CONVERSION = YES;
				CLANG_WARN_DEPRECATED_OBJC_IMPLEMENTATIONS = YES;
				CLANG_WARN_DIRECT_OBJC_ISA_USAGE = YES_ERROR;
				CLANG_WARN_DOCUMENTATION_COMMENTS = YES;
				CLANG_WARN_EMPTY_BODY = YES;
				CLANG_WARN_ENUM_CONVERSION = YES;
				CLANG_WARN_INFINITE_RECURSION = YES;
				CLANG_WARN_INT_CONVERSION = YES;
				CLANG_WARN_NON_LITERAL_NULL_CONVERSION = YES;
				CLANG_WARN_OBJC_IMPLICIT_RETAIN_SELF = YES;
				CLANG_WARN_OBJC_LITERAL_CONVERSION = YES;
				CLANG_WARN_OBJC_ROOT_CLASS = YES_ERROR;
				CLANG_WARN_RANGE_LOOP_ANALYSIS = YES;
				CLANG_WARN_STRICT_PROTOTYPES = YES;
				CLANG_WARN_SUSPICIOUS_MOVE = YES;
				CLANG_WARN_UNGUARDED_AVAILABILITY = YES_AGGRESSIVE;
				CLANG_WARN_UNREACHABLE_CODE = YES;
				CLANG_WARN__DUPLICATE_METHOD_MATCH = YES;
				COPY_PHASE_STRIP = NO;
				DEBUG_INFORMATION_FORMAT = "dwarf-with-dsym";
				ENABLE_NS_ASSERTIONS = NO;
				ENABLE_STRICT_OBJC_MSGSEND = YES;
				GCC_C_LANGUAGE_STANDARD = gnu11;
				GCC_NO_COMMON_BLOCKS = YES;
				GCC_WARN_64_TO_32_BIT_CONVERSION = YES;
				GCC_WARN_ABOUT_RETURN_TYPE = YES_ERROR;
				GCC_WARN_UNDECLARED_SELECTOR = YES;
				GCC_WARN_UNINITIALIZED_AUTOS = YES_AGGRESSIVE;
				GCC_WARN_UNUSED_FUNCTION = YES;
				GCC_WARN_UNUSED_VARIABLE = YES;
				IPHONEOS_DEPLOYMENT_TARGET = 13.2;
				MTL_ENABLE_DEBUG_INFO = NO;
				MTL_FAST_MATH = YES;
				SDKROOT = iphoneos;
				SWIFT_COMPILATION_MODE = wholemodule;
				SWIFT_OPTIMIZATION_LEVEL = "-O";
				VALIDATE_PRODUCT = YES;
			};
			name = Release;
		};
		3A987AFE2480350E0021F6E4 /* Debug */ = {
			isa = XCBuildConfiguration;
			baseConfigurationReference = 294A7360B8AB4A015588F3F8 /* Pods-VirtualMenu.debug.xcconfig */;
			buildSettings = {
				ASSETCATALOG_COMPILER_APPICON_NAME = AppIcon;
				CODE_SIGN_ENTITLEMENTS = VirtualMenu/VirtualMenu.entitlements;
				CODE_SIGN_STYLE = Automatic;
				DEVELOPMENT_ASSET_PATHS = "\"VirtualMenu/Preview Content\"";
				DEVELOPMENT_TEAM = 3VUUCS34BU;
				ENABLE_PREVIEWS = YES;
				INFOPLIST_FILE = VirtualMenu/Info.plist;
				LD_RUNPATH_SEARCH_PATHS = (
					"$(inherited)",
					"@executable_path/Frameworks",
				);
				PRODUCT_BUNDLE_IDENTIFIER = com.ARMenu.VirtualMenu;
				PRODUCT_NAME = "$(TARGET_NAME)";
				SWIFT_VERSION = 5.0;
				TARGETED_DEVICE_FAMILY = "1,2";
			};
			name = Debug;
		};
		3A987AFF2480350E0021F6E4 /* Release */ = {
			isa = XCBuildConfiguration;
			baseConfigurationReference = 6E323FD7CC7F0EC1739CC297 /* Pods-VirtualMenu.release.xcconfig */;
			buildSettings = {
				ASSETCATALOG_COMPILER_APPICON_NAME = AppIcon;
				CODE_SIGN_ENTITLEMENTS = VirtualMenu/VirtualMenu.entitlements;
				CODE_SIGN_STYLE = Automatic;
				DEVELOPMENT_ASSET_PATHS = "\"VirtualMenu/Preview Content\"";
				DEVELOPMENT_TEAM = 3VUUCS34BU;
				ENABLE_PREVIEWS = YES;
				INFOPLIST_FILE = VirtualMenu/Info.plist;
				LD_RUNPATH_SEARCH_PATHS = (
					"$(inherited)",
					"@executable_path/Frameworks",
				);
				PRODUCT_BUNDLE_IDENTIFIER = com.ARMenu.VirtualMenu;
				PRODUCT_NAME = "$(TARGET_NAME)";
				SWIFT_VERSION = 5.0;
				TARGETED_DEVICE_FAMILY = "1,2";
			};
			name = Release;
		};
		3A987B012480350E0021F6E4 /* Debug */ = {
			isa = XCBuildConfiguration;
			buildSettings = {
				ALWAYS_EMBED_SWIFT_STANDARD_LIBRARIES = YES;
				BUNDLE_LOADER = "$(TEST_HOST)";
				CODE_SIGN_STYLE = Automatic;
				DEVELOPMENT_TEAM = 7XP2RUZ6VP;
				INFOPLIST_FILE = VirtualMenuTests/Info.plist;
				IPHONEOS_DEPLOYMENT_TARGET = 13.2;
				LD_RUNPATH_SEARCH_PATHS = (
					"$(inherited)",
					"@executable_path/Frameworks",
					"@loader_path/Frameworks",
				);
				PRODUCT_BUNDLE_IDENTIFIER = iOSAppDev.VirtualMenuTests;
				PRODUCT_NAME = "$(TARGET_NAME)";
				SWIFT_VERSION = 5.0;
				TARGETED_DEVICE_FAMILY = "1,2";
				TEST_HOST = "$(BUILT_PRODUCTS_DIR)/VirtualMenu.app/VirtualMenu";
			};
			name = Debug;
		};
		3A987B022480350E0021F6E4 /* Release */ = {
			isa = XCBuildConfiguration;
			buildSettings = {
				ALWAYS_EMBED_SWIFT_STANDARD_LIBRARIES = YES;
				BUNDLE_LOADER = "$(TEST_HOST)";
				CODE_SIGN_STYLE = Automatic;
				DEVELOPMENT_TEAM = 7XP2RUZ6VP;
				INFOPLIST_FILE = VirtualMenuTests/Info.plist;
				IPHONEOS_DEPLOYMENT_TARGET = 13.2;
				LD_RUNPATH_SEARCH_PATHS = (
					"$(inherited)",
					"@executable_path/Frameworks",
					"@loader_path/Frameworks",
				);
				PRODUCT_BUNDLE_IDENTIFIER = iOSAppDev.VirtualMenuTests;
				PRODUCT_NAME = "$(TARGET_NAME)";
				SWIFT_VERSION = 5.0;
				TARGETED_DEVICE_FAMILY = "1,2";
				TEST_HOST = "$(BUILT_PRODUCTS_DIR)/VirtualMenu.app/VirtualMenu";
			};
			name = Release;
		};
		3A987B042480350E0021F6E4 /* Debug */ = {
			isa = XCBuildConfiguration;
			buildSettings = {
				ALWAYS_EMBED_SWIFT_STANDARD_LIBRARIES = YES;
				CODE_SIGN_STYLE = Automatic;
				DEVELOPMENT_TEAM = 7XP2RUZ6VP;
				INFOPLIST_FILE = VirtualMenuUITests/Info.plist;
				LD_RUNPATH_SEARCH_PATHS = (
					"$(inherited)",
					"@executable_path/Frameworks",
					"@loader_path/Frameworks",
				);
				PRODUCT_BUNDLE_IDENTIFIER = iOSAppDev.VirtualMenuUITests;
				PRODUCT_NAME = "$(TARGET_NAME)";
				SWIFT_VERSION = 5.0;
				TARGETED_DEVICE_FAMILY = "1,2";
				TEST_TARGET_NAME = VirtualMenu;
			};
			name = Debug;
		};
		3A987B052480350E0021F6E4 /* Release */ = {
			isa = XCBuildConfiguration;
			buildSettings = {
				ALWAYS_EMBED_SWIFT_STANDARD_LIBRARIES = YES;
				CODE_SIGN_STYLE = Automatic;
				DEVELOPMENT_TEAM = 7XP2RUZ6VP;
				INFOPLIST_FILE = VirtualMenuUITests/Info.plist;
				LD_RUNPATH_SEARCH_PATHS = (
					"$(inherited)",
					"@executable_path/Frameworks",
					"@loader_path/Frameworks",
				);
				PRODUCT_BUNDLE_IDENTIFIER = iOSAppDev.VirtualMenuUITests;
				PRODUCT_NAME = "$(TARGET_NAME)";
				SWIFT_VERSION = 5.0;
				TARGETED_DEVICE_FAMILY = "1,2";
				TEST_TARGET_NAME = VirtualMenu;
			};
			name = Release;
		};
/* End XCBuildConfiguration section */

/* Begin XCConfigurationList section */
		3A987ACE2480350C0021F6E4 /* Build configuration list for PBXProject "VirtualMenu" */ = {
			isa = XCConfigurationList;
			buildConfigurations = (
				3A987AFB2480350E0021F6E4 /* Debug */,
				3A987AFC2480350E0021F6E4 /* Release */,
			);
			defaultConfigurationIsVisible = 0;
			defaultConfigurationName = Release;
		};
		3A987AFD2480350E0021F6E4 /* Build configuration list for PBXNativeTarget "VirtualMenu" */ = {
			isa = XCConfigurationList;
			buildConfigurations = (
				3A987AFE2480350E0021F6E4 /* Debug */,
				3A987AFF2480350E0021F6E4 /* Release */,
			);
			defaultConfigurationIsVisible = 0;
			defaultConfigurationName = Release;
		};
		3A987B002480350E0021F6E4 /* Build configuration list for PBXNativeTarget "VirtualMenuTests" */ = {
			isa = XCConfigurationList;
			buildConfigurations = (
				3A987B012480350E0021F6E4 /* Debug */,
				3A987B022480350E0021F6E4 /* Release */,
			);
			defaultConfigurationIsVisible = 0;
			defaultConfigurationName = Release;
		};
		3A987B032480350E0021F6E4 /* Build configuration list for PBXNativeTarget "VirtualMenuUITests" */ = {
			isa = XCConfigurationList;
			buildConfigurations = (
				3A987B042480350E0021F6E4 /* Debug */,
				3A987B052480350E0021F6E4 /* Release */,
			);
			defaultConfigurationIsVisible = 0;
			defaultConfigurationName = Release;
		};
/* End XCConfigurationList section */
	};
	rootObject = 3A987ACB2480350C0021F6E4 /* Project object */;
}
