// !$*UTF8*$!
{
	archiveVersion = 1;
	classes = {
	};
	objectVersion = 50;
	objects = {

/* Begin PBXBuildFile section */
		3A242F6225F32AE2002B9E06 /* Preview Assets.xcassets in Resources */ = {isa = PBXBuildFile; fileRef = 3A242F6125F32AE2002B9E06 /* Preview Assets.xcassets */; };
		3A242FCD25F3E475002B9E06 /* ItemSelectionViewController.swift in Sources */ = {isa = PBXBuildFile; fileRef = 3A242FC725F3E474002B9E06 /* ItemSelectionViewController.swift */; };
		3A242FCE25F3E475002B9E06 /* PreviewView.swift in Sources */ = {isa = PBXBuildFile; fileRef = 3A242FC825F3E475002B9E06 /* PreviewView.swift */; };
		3A242FCF25F3E475002B9E06 /* PhotoCaptureDelegate.swift in Sources */ = {isa = PBXBuildFile; fileRef = 3A242FC925F3E475002B9E06 /* PhotoCaptureDelegate.swift */; };
		3A242FD025F3E475002B9E06 /* AppDelegate.swift in Sources */ = {isa = PBXBuildFile; fileRef = 3A242FCA25F3E475002B9E06 /* AppDelegate.swift */; };
		3A242FD125F3E475002B9E06 /* Assets.xcassets in Resources */ = {isa = PBXBuildFile; fileRef = 3A242FCB25F3E475002B9E06 /* Assets.xcassets */; };
		3A242FD225F3E475002B9E06 /* CameraViewController.swift in Sources */ = {isa = PBXBuildFile; fileRef = 3A242FCC25F3E475002B9E06 /* CameraViewController.swift */; };
		3A242FDE25F3E559002B9E06 /* Main.storyboard in Resources */ = {isa = PBXBuildFile; fileRef = 3A242FDC25F3E558002B9E06 /* Main.storyboard */; };
/* End PBXBuildFile section */

/* Begin PBXContainerItemProxy section */
		3A242F6925F32AE3002B9E06 /* PBXContainerItemProxy */ = {
			isa = PBXContainerItemProxy;
			containerPortal = 3A242F4F25F32ADF002B9E06 /* Project object */;
			proxyType = 1;
			remoteGlobalIDString = 3A242F5625F32ADF002B9E06;
			remoteInfo = Alegemeen;
		};
		3A242F7425F32AE3002B9E06 /* PBXContainerItemProxy */ = {
			isa = PBXContainerItemProxy;
			containerPortal = 3A242F4F25F32ADF002B9E06 /* Project object */;
			proxyType = 1;
			remoteGlobalIDString = 3A242F5625F32ADF002B9E06;
			remoteInfo = Alegemeen;
		};
/* End PBXContainerItemProxy section */

/* Begin PBXFileReference section */
		3A242F5725F32ADF002B9E06 /* Alegemeen.app */ = {isa = PBXFileReference; explicitFileType = wrapper.application; includeInIndex = 0; path = Alegemeen.app; sourceTree = BUILT_PRODUCTS_DIR; };
		3A242F6125F32AE2002B9E06 /* Preview Assets.xcassets */ = {isa = PBXFileReference; lastKnownFileType = folder.assetcatalog; path = "Preview Assets.xcassets"; sourceTree = "<group>"; };
		3A242F6325F32AE2002B9E06 /* Info.plist */ = {isa = PBXFileReference; lastKnownFileType = text.plist.xml; path = Info.plist; sourceTree = "<group>"; };
		3A242F6825F32AE3002B9E06 /* AlegemeenTests.xctest */ = {isa = PBXFileReference; explicitFileType = wrapper.cfbundle; includeInIndex = 0; path = AlegemeenTests.xctest; sourceTree = BUILT_PRODUCTS_DIR; };
		3A242F7325F32AE3002B9E06 /* AlegemeenUITests.xctest */ = {isa = PBXFileReference; explicitFileType = wrapper.cfbundle; includeInIndex = 0; path = AlegemeenUITests.xctest; sourceTree = BUILT_PRODUCTS_DIR; };
		3A242FC725F3E474002B9E06 /* ItemSelectionViewController.swift */ = {isa = PBXFileReference; fileEncoding = 4; lastKnownFileType = sourcecode.swift; name = ItemSelectionViewController.swift; path = ../../../../../../../../../../../Downloads/AVCamBuildingACameraApp/Swift/AVCam/ItemSelectionViewController.swift; sourceTree = "<group>"; };
		3A242FC825F3E475002B9E06 /* PreviewView.swift */ = {isa = PBXFileReference; fileEncoding = 4; lastKnownFileType = sourcecode.swift; name = PreviewView.swift; path = ../../../../../../../../../../../Downloads/AVCamBuildingACameraApp/Swift/AVCam/PreviewView.swift; sourceTree = "<group>"; };
		3A242FC925F3E475002B9E06 /* PhotoCaptureDelegate.swift */ = {isa = PBXFileReference; fileEncoding = 4; lastKnownFileType = sourcecode.swift; name = PhotoCaptureDelegate.swift; path = ../../../../../../../../../../../Downloads/AVCamBuildingACameraApp/Swift/AVCam/PhotoCaptureDelegate.swift; sourceTree = "<group>"; };
		3A242FCA25F3E475002B9E06 /* AppDelegate.swift */ = {isa = PBXFileReference; fileEncoding = 4; lastKnownFileType = sourcecode.swift; name = AppDelegate.swift; path = ../../../../../../../../../../../Downloads/AVCamBuildingACameraApp/Swift/AVCam/AppDelegate.swift; sourceTree = "<group>"; };
		3A242FCB25F3E475002B9E06 /* Assets.xcassets */ = {isa = PBXFileReference; lastKnownFileType = folder.assetcatalog; name = Assets.xcassets; path = ../../../../../../../../../../../Downloads/AVCamBuildingACameraApp/Swift/AVCam/Assets.xcassets; sourceTree = "<group>"; };
		3A242FCC25F3E475002B9E06 /* CameraViewController.swift */ = {isa = PBXFileReference; fileEncoding = 4; lastKnownFileType = sourcecode.swift; name = CameraViewController.swift; path = ../../../../../../../../../../../Downloads/AVCamBuildingACameraApp/Swift/AVCam/CameraViewController.swift; sourceTree = "<group>"; };
		3A242FDD25F3E558002B9E06 /* Base */ = {isa = PBXFileReference; lastKnownFileType = file.storyboard; name = Base; path = ../../../../../../../../../../../Downloads/AVCamBuildingACameraApp/Swift/AVCam/Base.lproj/Main.storyboard; sourceTree = "<group>"; };
/* End PBXFileReference section */

/* Begin PBXFrameworksBuildPhase section */
		3A242F5425F32ADF002B9E06 /* Frameworks */ = {
			isa = PBXFrameworksBuildPhase;
			buildActionMask = 2147483647;
			files = (
			);
			runOnlyForDeploymentPostprocessing = 0;
		};
		3A242F6525F32AE3002B9E06 /* Frameworks */ = {
			isa = PBXFrameworksBuildPhase;
			buildActionMask = 2147483647;
			files = (
			);
			runOnlyForDeploymentPostprocessing = 0;
		};
		3A242F7025F32AE3002B9E06 /* Frameworks */ = {
			isa = PBXFrameworksBuildPhase;
			buildActionMask = 2147483647;
			files = (
			);
			runOnlyForDeploymentPostprocessing = 0;
		};
/* End PBXFrameworksBuildPhase section */

/* Begin PBXGroup section */
		3A242F4E25F32ADF002B9E06 = {
			isa = PBXGroup;
			children = (
				3A242F5925F32ADF002B9E06 /* Alegemeen */,
				3A242F5825F32ADF002B9E06 /* Products */,
			);
			sourceTree = "<group>";
		};
		3A242F5825F32ADF002B9E06 /* Products */ = {
			isa = PBXGroup;
			children = (
				3A242F5725F32ADF002B9E06 /* Alegemeen.app */,
				3A242F6825F32AE3002B9E06 /* AlegemeenTests.xctest */,
				3A242F7325F32AE3002B9E06 /* AlegemeenUITests.xctest */,
			);
			name = Products;
			sourceTree = "<group>";
		};
		3A242F5925F32ADF002B9E06 /* Alegemeen */ = {
			isa = PBXGroup;
			children = (
				3A242FCA25F3E475002B9E06 /* AppDelegate.swift */,
				3A242FCB25F3E475002B9E06 /* Assets.xcassets */,
				3A242FCC25F3E475002B9E06 /* CameraViewController.swift */,
				3A242FC725F3E474002B9E06 /* ItemSelectionViewController.swift */,
				3A242FDC25F3E558002B9E06 /* Main.storyboard */,
				3A242FC925F3E475002B9E06 /* PhotoCaptureDelegate.swift */,
				3A242FC825F3E475002B9E06 /* PreviewView.swift */,
				3A242F6325F32AE2002B9E06 /* Info.plist */,
				3A242F6025F32AE2002B9E06 /* Preview Content */,
			);
			path = Alegemeen;
			sourceTree = "<group>";
		};
		3A242F6025F32AE2002B9E06 /* Preview Content */ = {
			isa = PBXGroup;
			children = (
				3A242F6125F32AE2002B9E06 /* Preview Assets.xcassets */,
			);
			path = "Preview Content";
			sourceTree = "<group>";
		};
/* End PBXGroup section */

/* Begin PBXNativeTarget section */
		3A242F5625F32ADF002B9E06 /* Alegemeen */ = {
			isa = PBXNativeTarget;
			buildConfigurationList = 3A242F7C25F32AE3002B9E06 /* Build configuration list for PBXNativeTarget "Alegemeen" */;
			buildPhases = (
				3A242F5325F32ADF002B9E06 /* Sources */,
				3A242F5425F32ADF002B9E06 /* Frameworks */,
				3A242F5525F32ADF002B9E06 /* Resources */,
			);
			buildRules = (
			);
			dependencies = (
			);
			name = Alegemeen;
			productName = Alegemeen;
			productReference = 3A242F5725F32ADF002B9E06 /* Alegemeen.app */;
			productType = "com.apple.product-type.application";
		};
		3A242F6725F32AE3002B9E06 /* AlegemeenTests */ = {
			isa = PBXNativeTarget;
			buildConfigurationList = 3A242F7F25F32AE3002B9E06 /* Build configuration list for PBXNativeTarget "AlegemeenTests" */;
			buildPhases = (
				3A242F6425F32AE3002B9E06 /* Sources */,
				3A242F6525F32AE3002B9E06 /* Frameworks */,
				3A242F6625F32AE3002B9E06 /* Resources */,
			);
			buildRules = (
			);
			dependencies = (
				3A242F6A25F32AE3002B9E06 /* PBXTargetDependency */,
			);
			name = AlegemeenTests;
			productName = AlegemeenTests;
			productReference = 3A242F6825F32AE3002B9E06 /* AlegemeenTests.xctest */;
			productType = "com.apple.product-type.bundle.unit-test";
		};
		3A242F7225F32AE3002B9E06 /* AlegemeenUITests */ = {
			isa = PBXNativeTarget;
			buildConfigurationList = 3A242F8225F32AE3002B9E06 /* Build configuration list for PBXNativeTarget "AlegemeenUITests" */;
			buildPhases = (
				3A242F6F25F32AE3002B9E06 /* Sources */,
				3A242F7025F32AE3002B9E06 /* Frameworks */,
				3A242F7125F32AE3002B9E06 /* Resources */,
			);
			buildRules = (
			);
			dependencies = (
				3A242F7525F32AE3002B9E06 /* PBXTargetDependency */,
			);
			name = AlegemeenUITests;
			productName = AlegemeenUITests;
			productReference = 3A242F7325F32AE3002B9E06 /* AlegemeenUITests.xctest */;
			productType = "com.apple.product-type.bundle.ui-testing";
		};
/* End PBXNativeTarget section */

/* Begin PBXProject section */
		3A242F4F25F32ADF002B9E06 /* Project object */ = {
			isa = PBXProject;
			attributes = {
				LastSwiftUpdateCheck = 1220;
				LastUpgradeCheck = 1220;
				TargetAttributes = {
					3A242F5625F32ADF002B9E06 = {
						CreatedOnToolsVersion = 12.2;
					};
					3A242F6725F32AE3002B9E06 = {
						CreatedOnToolsVersion = 12.2;
						TestTargetID = 3A242F5625F32ADF002B9E06;
					};
					3A242F7225F32AE3002B9E06 = {
						CreatedOnToolsVersion = 12.2;
						TestTargetID = 3A242F5625F32ADF002B9E06;
					};
				};
			};
			buildConfigurationList = 3A242F5225F32ADF002B9E06 /* Build configuration list for PBXProject "Alegemeen" */;
			compatibilityVersion = "Xcode 9.3";
			developmentRegion = en;
			hasScannedForEncodings = 0;
			knownRegions = (
				en,
				Base,
			);
			mainGroup = 3A242F4E25F32ADF002B9E06;
			productRefGroup = 3A242F5825F32ADF002B9E06 /* Products */;
			projectDirPath = "";
			projectRoot = "";
			targets = (
				3A242F5625F32ADF002B9E06 /* Alegemeen */,
				3A242F6725F32AE3002B9E06 /* AlegemeenTests */,
				3A242F7225F32AE3002B9E06 /* AlegemeenUITests */,
			);
		};
/* End PBXProject section */

/* Begin PBXResourcesBuildPhase section */
		3A242F5525F32ADF002B9E06 /* Resources */ = {
			isa = PBXResourcesBuildPhase;
			buildActionMask = 2147483647;
			files = (
				3A242FDE25F3E559002B9E06 /* Main.storyboard in Resources */,
				3A242F6225F32AE2002B9E06 /* Preview Assets.xcassets in Resources */,
				3A242FD125F3E475002B9E06 /* Assets.xcassets in Resources */,
			);
			runOnlyForDeploymentPostprocessing = 0;
		};
		3A242F6625F32AE3002B9E06 /* Resources */ = {
			isa = PBXResourcesBuildPhase;
			buildActionMask = 2147483647;
			files = (
			);
			runOnlyForDeploymentPostprocessing = 0;
		};
		3A242F7125F32AE3002B9E06 /* Resources */ = {
			isa = PBXResourcesBuildPhase;
			buildActionMask = 2147483647;
			files = (
			);
			runOnlyForDeploymentPostprocessing = 0;
		};
/* End PBXResourcesBuildPhase section */

/* Begin PBXSourcesBuildPhase section */
		3A242F5325F32ADF002B9E06 /* Sources */ = {
			isa = PBXSourcesBuildPhase;
			buildActionMask = 2147483647;
			files = (
				3A242FD225F3E475002B9E06 /* CameraViewController.swift in Sources */,
				3A242FCE25F3E475002B9E06 /* PreviewView.swift in Sources */,
				3A242FCD25F3E475002B9E06 /* ItemSelectionViewController.swift in Sources */,
				3A242FCF25F3E475002B9E06 /* PhotoCaptureDelegate.swift in Sources */,
				3A242FD025F3E475002B9E06 /* AppDelegate.swift in Sources */,
			);
			runOnlyForDeploymentPostprocessing = 0;
		};
		3A242F6425F32AE3002B9E06 /* Sources */ = {
			isa = PBXSourcesBuildPhase;
			buildActionMask = 2147483647;
			files = (
			);
			runOnlyForDeploymentPostprocessing = 0;
		};
		3A242F6F25F32AE3002B9E06 /* Sources */ = {
			isa = PBXSourcesBuildPhase;
			buildActionMask = 2147483647;
			files = (
			);
			runOnlyForDeploymentPostprocessing = 0;
		};
/* End PBXSourcesBuildPhase section */

/* Begin PBXTargetDependency section */
		3A242F6A25F32AE3002B9E06 /* PBXTargetDependency */ = {
			isa = PBXTargetDependency;
			target = 3A242F5625F32ADF002B9E06 /* Alegemeen */;
			targetProxy = 3A242F6925F32AE3002B9E06 /* PBXContainerItemProxy */;
		};
		3A242F7525F32AE3002B9E06 /* PBXTargetDependency */ = {
			isa = PBXTargetDependency;
			target = 3A242F5625F32ADF002B9E06 /* Alegemeen */;
			targetProxy = 3A242F7425F32AE3002B9E06 /* PBXContainerItemProxy */;
		};
/* End PBXTargetDependency section */

/* Begin PBXVariantGroup section */
		3A242FDC25F3E558002B9E06 /* Main.storyboard */ = {
			isa = PBXVariantGroup;
			children = (
				3A242FDD25F3E558002B9E06 /* Base */,
			);
			name = Main.storyboard;
			sourceTree = "<group>";
		};
/* End PBXVariantGroup section */

/* Begin XCBuildConfiguration section */
		3A242F7A25F32AE3002B9E06 /* Debug */ = {
			isa = XCBuildConfiguration;
			buildSettings = {
				ALWAYS_SEARCH_USER_PATHS = NO;
				CLANG_ANALYZER_NONNULL = YES;
				CLANG_ANALYZER_NUMBER_OBJECT_CONVERSION = YES_AGGRESSIVE;
				CLANG_CXX_LANGUAGE_STANDARD = "gnu++14";
				CLANG_CXX_LIBRARY = "libc++";
				CLANG_ENABLE_MODULES = YES;
				CLANG_ENABLE_OBJC_ARC = YES;
				CLANG_ENABLE_OBJC_WEAK = YES;
				CLANG_WARN_BLOCK_CAPTURE_AUTORELEASING = YES;
				CLANG_WARN_BOOL_CONVERSION = YES;
				CLANG_WARN_COMMA = YES;
				CLANG_WARN_CONSTANT_CONVERSION = YES;
				CLANG_WARN_DEPRECATED_OBJC_IMPLEMENTATIONS = YES;
				CLANG_WARN_DIRECT_OBJC_ISA_USAGE = YES_ERROR;
				CLANG_WARN_DOCUMENTATION_COMMENTS = YES;
				CLANG_WARN_EMPTY_BODY = YES;
				CLANG_WARN_ENUM_CONVERSION = YES;
				CLANG_WARN_INFINITE_RECURSION = YES;
				CLANG_WARN_INT_CONVERSION = YES;
				CLANG_WARN_NON_LITERAL_NULL_CONVERSION = YES;
				CLANG_WARN_OBJC_IMPLICIT_RETAIN_SELF = YES;
				CLANG_WARN_OBJC_LITERAL_CONVERSION = YES;
				CLANG_WARN_OBJC_ROOT_CLASS = YES_ERROR;
				CLANG_WARN_QUOTED_INCLUDE_IN_FRAMEWORK_HEADER = YES;
				CLANG_WARN_RANGE_LOOP_ANALYSIS = YES;
				CLANG_WARN_STRICT_PROTOTYPES = YES;
				CLANG_WARN_SUSPICIOUS_MOVE = YES;
				CLANG_WARN_UNGUARDED_AVAILABILITY = YES_AGGRESSIVE;
				CLANG_WARN_UNREACHABLE_CODE = YES;
				CLANG_WARN__DUPLICATE_METHOD_MATCH = YES;
				COPY_PHASE_STRIP = NO;
				DEBUG_INFORMATION_FORMAT = dwarf;
				ENABLE_STRICT_OBJC_MSGSEND = YES;
				ENABLE_TESTABILITY = YES;
				GCC_C_LANGUAGE_STANDARD = gnu11;
				GCC_DYNAMIC_NO_PIC = NO;
				GCC_NO_COMMON_BLOCKS = YES;
				GCC_OPTIMIZATION_LEVEL = 0;
				GCC_PREPROCESSOR_DEFINITIONS = (
					"DEBUG=1",
					"$(inherited)",
				);
				GCC_WARN_64_TO_32_BIT_CONVERSION = YES;
				GCC_WARN_ABOUT_RETURN_TYPE = YES_ERROR;
				GCC_WARN_UNDECLARED_SELECTOR = YES;
				GCC_WARN_UNINITIALIZED_AUTOS = YES_AGGRESSIVE;
				GCC_WARN_UNUSED_FUNCTION = YES;
				GCC_WARN_UNUSED_VARIABLE = YES;
				IPHONEOS_DEPLOYMENT_TARGET = 14.2;
				MTL_ENABLE_DEBUG_INFO = INCLUDE_SOURCE;
				MTL_FAST_MATH = YES;
				ONLY_ACTIVE_ARCH = YES;
				SDKROOT = iphoneos;
				SWIFT_ACTIVE_COMPILATION_CONDITIONS = DEBUG;
				SWIFT_OPTIMIZATION_LEVEL = "-Onone";
			};
			name = Debug;
		};
		3A242F7B25F32AE3002B9E06 /* Release */ = {
			isa = XCBuildConfiguration;
			buildSettings = {
				ALWAYS_SEARCH_USER_PATHS = NO;
				CLANG_ANALYZER_NONNULL = YES;
				CLANG_ANALYZER_NUMBER_OBJECT_CONVERSION = YES_AGGRESSIVE;
				CLANG_CXX_LANGUAGE_STANDARD = "gnu++14";
				CLANG_CXX_LIBRARY = "libc++";
				CLANG_ENABLE_MODULES = YES;
				CLANG_ENABLE_OBJC_ARC = YES;
				CLANG_ENABLE_OBJC_WEAK = YES;
				CLANG_WARN_BLOCK_CAPTURE_AUTORELEASING = YES;
				CLANG_WARN_BOOL_CONVERSION = YES;
				CLANG_WARN_COMMA = YES;
				CLANG_WARN_CONSTANT_CONVERSION = YES;
				CLANG_WARN_DEPRECATED_OBJC_IMPLEMENTATIONS = YES;
				CLANG_WARN_DIRECT_OBJC_ISA_USAGE = YES_ERROR;
				CLANG_WARN_DOCUMENTATION_COMMENTS = YES;
				CLANG_WARN_EMPTY_BODY = YES;
				CLANG_WARN_ENUM_CONVERSION = YES;
				CLANG_WARN_INFINITE_RECURSION = YES;
				CLANG_WARN_INT_CONVERSION = YES;
				CLANG_WARN_NON_LITERAL_NULL_CONVERSION = YES;
				CLANG_WARN_OBJC_IMPLICIT_RETAIN_SELF = YES;
				CLANG_WARN_OBJC_LITERAL_CONVERSION = YES;
				CLANG_WARN_OBJC_ROOT_CLASS = YES_ERROR;
				CLANG_WARN_QUOTED_INCLUDE_IN_FRAMEWORK_HEADER = YES;
				CLANG_WARN_RANGE_LOOP_ANALYSIS = YES;
				CLANG_WARN_STRICT_PROTOTYPES = YES;
				CLANG_WARN_SUSPICIOUS_MOVE = YES;
				CLANG_WARN_UNGUARDED_AVAILABILITY = YES_AGGRESSIVE;
				CLANG_WARN_UNREACHABLE_CODE = YES;
				CLANG_WARN__DUPLICATE_METHOD_MATCH = YES;
				COPY_PHASE_STRIP = NO;
				DEBUG_INFORMATION_FORMAT = "dwarf-with-dsym";
				ENABLE_NS_ASSERTIONS = NO;
				ENABLE_STRICT_OBJC_MSGSEND = YES;
				GCC_C_LANGUAGE_STANDARD = gnu11;
				GCC_NO_COMMON_BLOCKS = YES;
				GCC_WARN_64_TO_32_BIT_CONVERSION = YES;
				GCC_WARN_ABOUT_RETURN_TYPE = YES_ERROR;
				GCC_WARN_UNDECLARED_SELECTOR = YES;
				GCC_WARN_UNINITIALIZED_AUTOS = YES_AGGRESSIVE;
				GCC_WARN_UNUSED_FUNCTION = YES;
				GCC_WARN_UNUSED_VARIABLE = YES;
				IPHONEOS_DEPLOYMENT_TARGET = 14.2;
				MTL_ENABLE_DEBUG_INFO = NO;
				MTL_FAST_MATH = YES;
				SDKROOT = iphoneos;
				SWIFT_COMPILATION_MODE = wholemodule;
				SWIFT_OPTIMIZATION_LEVEL = "-O";
				VALIDATE_PRODUCT = YES;
			};
			name = Release;
		};
		3A242F7D25F32AE3002B9E06 /* Debug */ = {
			isa = XCBuildConfiguration;
			buildSettings = {
				ASSETCATALOG_COMPILER_APPICON_NAME = AppIcon;
				ASSETCATALOG_COMPILER_GLOBAL_ACCENT_COLOR_NAME = AccentColor;
				CODE_SIGN_STYLE = Automatic;
				DEVELOPMENT_ASSET_PATHS = "\"Alegemeen/Preview Content\"";
				DEVELOPMENT_TEAM = 3VUUCS34BU;
				ENABLE_PREVIEWS = YES;
				INFOPLIST_FILE = Alegemeen/Info.plist;
				IPHONEOS_DEPLOYMENT_TARGET = 14.0;
				LD_RUNPATH_SEARCH_PATHS = (
					"$(inherited)",
					"@executable_path/Frameworks",
				);
				PRODUCT_BUNDLE_IDENTIFIER = iOSAppDev.Alegemeen;
				PRODUCT_NAME = "$(TARGET_NAME)";
				SWIFT_VERSION = 5.0;
				TARGETED_DEVICE_FAMILY = "1,2";
			};
			name = Debug;
		};
		3A242F7E25F32AE3002B9E06 /* Release */ = {
			isa = XCBuildConfiguration;
			buildSettings = {
				ASSETCATALOG_COMPILER_APPICON_NAME = AppIcon;
				ASSETCATALOG_COMPILER_GLOBAL_ACCENT_COLOR_NAME = AccentColor;
				CODE_SIGN_STYLE = Automatic;
				DEVELOPMENT_ASSET_PATHS = "\"Alegemeen/Preview Content\"";
				DEVELOPMENT_TEAM = 3VUUCS34BU;
				ENABLE_PREVIEWS = YES;
				INFOPLIST_FILE = Alegemeen/Info.plist;
				IPHONEOS_DEPLOYMENT_TARGET = 14.0;
				LD_RUNPATH_SEARCH_PATHS = (
					"$(inherited)",
					"@executable_path/Frameworks",
				);
				PRODUCT_BUNDLE_IDENTIFIER = iOSAppDev.Alegemeen;
				PRODUCT_NAME = "$(TARGET_NAME)";
				SWIFT_VERSION = 5.0;
				TARGETED_DEVICE_FAMILY = "1,2";
			};
			name = Release;
		};
		3A242F8025F32AE3002B9E06 /* Debug */ = {
			isa = XCBuildConfiguration;
			buildSettings = {
				ALWAYS_EMBED_SWIFT_STANDARD_LIBRARIES = YES;
				BUNDLE_LOADER = "$(TEST_HOST)";
				CODE_SIGN_STYLE = Automatic;
				DEVELOPMENT_TEAM = 3VUUCS34BU;
				INFOPLIST_FILE = AlegemeenTests/Info.plist;
				IPHONEOS_DEPLOYMENT_TARGET = 14.0;
				LD_RUNPATH_SEARCH_PATHS = (
					"$(inherited)",
					"@executable_path/Frameworks",
					"@loader_path/Frameworks",
				);
				PRODUCT_BUNDLE_IDENTIFIER = iOSAppDev.AlegemeenTests;
				PRODUCT_NAME = "$(TARGET_NAME)";
				SWIFT_VERSION = 5.0;
				TARGETED_DEVICE_FAMILY = "1,2";
				TEST_HOST = "$(BUILT_PRODUCTS_DIR)/Alegemeen.app/Alegemeen";
			};
			name = Debug;
		};
		3A242F8125F32AE3002B9E06 /* Release */ = {
			isa = XCBuildConfiguration;
			buildSettings = {
				ALWAYS_EMBED_SWIFT_STANDARD_LIBRARIES = YES;
				BUNDLE_LOADER = "$(TEST_HOST)";
				CODE_SIGN_STYLE = Automatic;
				DEVELOPMENT_TEAM = 3VUUCS34BU;
				INFOPLIST_FILE = AlegemeenTests/Info.plist;
				IPHONEOS_DEPLOYMENT_TARGET = 14.0;
				LD_RUNPATH_SEARCH_PATHS = (
					"$(inherited)",
					"@executable_path/Frameworks",
					"@loader_path/Frameworks",
				);
				PRODUCT_BUNDLE_IDENTIFIER = iOSAppDev.AlegemeenTests;
				PRODUCT_NAME = "$(TARGET_NAME)";
				SWIFT_VERSION = 5.0;
				TARGETED_DEVICE_FAMILY = "1,2";
				TEST_HOST = "$(BUILT_PRODUCTS_DIR)/Alegemeen.app/Alegemeen";
			};
			name = Release;
		};
		3A242F8325F32AE3002B9E06 /* Debug */ = {
			isa = XCBuildConfiguration;
			buildSettings = {
				ALWAYS_EMBED_SWIFT_STANDARD_LIBRARIES = YES;
				CODE_SIGN_STYLE = Automatic;
				DEVELOPMENT_TEAM = 3VUUCS34BU;
				INFOPLIST_FILE = AlegemeenUITests/Info.plist;
				LD_RUNPATH_SEARCH_PATHS = (
					"$(inherited)",
					"@executable_path/Frameworks",
					"@loader_path/Frameworks",
				);
				PRODUCT_BUNDLE_IDENTIFIER = iOSAppDev.AlegemeenUITests;
				PRODUCT_NAME = "$(TARGET_NAME)";
				SWIFT_VERSION = 5.0;
				TARGETED_DEVICE_FAMILY = "1,2";
				TEST_TARGET_NAME = Alegemeen;
			};
			name = Debug;
		};
		3A242F8425F32AE3002B9E06 /* Release */ = {
			isa = XCBuildConfiguration;
			buildSettings = {
				ALWAYS_EMBED_SWIFT_STANDARD_LIBRARIES = YES;
				CODE_SIGN_STYLE = Automatic;
				DEVELOPMENT_TEAM = 3VUUCS34BU;
				INFOPLIST_FILE = AlegemeenUITests/Info.plist;
				LD_RUNPATH_SEARCH_PATHS = (
					"$(inherited)",
					"@executable_path/Frameworks",
					"@loader_path/Frameworks",
				);
				PRODUCT_BUNDLE_IDENTIFIER = iOSAppDev.AlegemeenUITests;
				PRODUCT_NAME = "$(TARGET_NAME)";
				SWIFT_VERSION = 5.0;
				TARGETED_DEVICE_FAMILY = "1,2";
				TEST_TARGET_NAME = Alegemeen;
			};
			name = Release;
		};
/* End XCBuildConfiguration section */

/* Begin XCConfigurationList section */
		3A242F5225F32ADF002B9E06 /* Build configuration list for PBXProject "Alegemeen" */ = {
			isa = XCConfigurationList;
			buildConfigurations = (
				3A242F7A25F32AE3002B9E06 /* Debug */,
				3A242F7B25F32AE3002B9E06 /* Release */,
			);
			defaultConfigurationIsVisible = 0;
			defaultConfigurationName = Release;
		};
		3A242F7C25F32AE3002B9E06 /* Build configuration list for PBXNativeTarget "Alegemeen" */ = {
			isa = XCConfigurationList;
			buildConfigurations = (
				3A242F7D25F32AE3002B9E06 /* Debug */,
				3A242F7E25F32AE3002B9E06 /* Release */,
			);
			defaultConfigurationIsVisible = 0;
			defaultConfigurationName = Release;
		};
		3A242F7F25F32AE3002B9E06 /* Build configuration list for PBXNativeTarget "AlegemeenTests" */ = {
			isa = XCConfigurationList;
			buildConfigurations = (
				3A242F8025F32AE3002B9E06 /* Debug */,
				3A242F8125F32AE3002B9E06 /* Release */,
			);
			defaultConfigurationIsVisible = 0;
			defaultConfigurationName = Release;
		};
		3A242F8225F32AE3002B9E06 /* Build configuration list for PBXNativeTarget "AlegemeenUITests" */ = {
			isa = XCConfigurationList;
			buildConfigurations = (
				3A242F8325F32AE3002B9E06 /* Debug */,
				3A242F8425F32AE3002B9E06 /* Release */,
			);
			defaultConfigurationIsVisible = 0;
			defaultConfigurationName = Release;
		};
/* End XCConfigurationList section */
	};
	rootObject = 3A242F4F25F32ADF002B9E06 /* Project object */;
}
